// !$*UTF8*$!
{
	archiveVersion = 1;
	classes = {};
	objectVersion = 56;
	objects = {
		F829721F430E754710938C71 = { isa = PBXFileReference; lastKnownFileType = sourcecode.swift; path = "PlayScript/App/PlayScriptApp.swift"; sourceTree = SOURCE_ROOT; };
		A4CEC3E27CF2E2184D91AF6A = { isa = PBXBuildFile; fileRef = F829721F430E754710938C71; };
		CCF4D86A61BEE64191A541E4 = { isa = PBXFileReference; lastKnownFileType = sourcecode.swift; path = "PlayScript/App/ReadingModel.swift"; sourceTree = SOURCE_ROOT; };
		5E67D94144A5562035B00DD4 = { isa = PBXBuildFile; fileRef = CCF4D86A61BEE64191A541E4; };
		2C5014D35F8F8F85DBC382A6 = { isa = PBXFileReference; lastKnownFileType = sourcecode.swift; path = "PlayScript/Audio/NarrationPlayer.swift"; sourceTree = SOURCE_ROOT; };
		45A4BB673ECE4E20E9C2564A = { isa = PBXBuildFile; fileRef = 2C5014D35F8F8F85DBC382A6; };
		1D10028ABE40A114F1FF73A7 = { isa = PBXFileReference; lastKnownFileType = sourcecode.swift; path = "PlayScript/Audio/Soundscape.swift"; sourceTree = SOURCE_ROOT; };
		3A0B9E213F6BD999A6161FA8 = { isa = PBXBuildFile; fileRef = 1D10028ABE40A114F1FF73A7; };
		F55795F591A0E5108C9929E5 = { isa = PBXFileReference; lastKnownFileType = sourcecode.swift; path = "PlayScript/Auth/AuthModel.swift"; sourceTree = SOURCE_ROOT; };
		45808286D2DD2FF4B7493EF9 = { isa = PBXBuildFile; fileRef = F55795F591A0E5108C9929E5; };
		3C94EE9D3D4F7776354C8953 = { isa = PBXFileReference; lastKnownFileType = sourcecode.swift; path = "PlayScript/Auth/AuthService.swift"; sourceTree = SOURCE_ROOT; };
		D3ECBE6706AFD5E6F8ECAF11 = { isa = PBXBuildFile; fileRef = 3C94EE9D3D4F7776354C8953; };
		1A1A6A31B653A9371014D1F4 = { isa = PBXFileReference; lastKnownFileType = sourcecode.swift; path = "PlayScript/Design/LivingScene.swift"; sourceTree = SOURCE_ROOT; };
		5F31CD51A5A5971C01C4FEA3 = { isa = PBXBuildFile; fileRef = 1A1A6A31B653A9371014D1F4; };
		9953C787A934D572A391F26A = { isa = PBXFileReference; lastKnownFileType = sourcecode.swift; path = "PlayScript/Design/LottieLayer.swift"; sourceTree = SOURCE_ROOT; };
		D50E298F49673F8F7BB72AB4 = { isa = PBXBuildFile; fileRef = 9953C787A934D572A391F26A; };
		7FA91B01DCD702BBB39B3657 = { isa = PBXFileReference; lastKnownFileType = sourcecode.swift; path = "PlayScript/Design/Theme.swift"; sourceTree = SOURCE_ROOT; };
		F27F394ECECFEDFB0F6D2AD5 = { isa = PBXBuildFile; fileRef = 7FA91B01DCD702BBB39B3657; };
		F672878755CE0AE3B9932084 = { isa = PBXFileReference; lastKnownFileType = sourcecode.swift; path = "PlayScript/Design/ThoughtArrival.swift"; sourceTree = SOURCE_ROOT; };
		E2C93032D40A44568423160F = { isa = PBXBuildFile; fileRef = F672878755CE0AE3B9932084; };
		AE74AE7EA4DF35E7652808C8 = { isa = PBXFileReference; lastKnownFileType = sourcecode.swift; path = "PlayScript/Features/LibraryView.swift"; sourceTree = SOURCE_ROOT; };
		30054AF8610C0CB4C47A1BA4 = { isa = PBXBuildFile; fileRef = AE74AE7EA4DF35E7652808C8; };
		7BA0AB0A7E55D00B0D1B9A02 = { isa = PBXFileReference; lastKnownFileType = sourcecode.swift; path = "PlayScript/Features/LoginView.swift"; sourceTree = SOURCE_ROOT; };
		B98ADC7663AC383E79507E68 = { isa = PBXBuildFile; fileRef = 7BA0AB0A7E55D00B0D1B9A02; };
		012FCCEC16C173A1A35545FD = { isa = PBXFileReference; lastKnownFileType = sourcecode.swift; path = "PlayScript/Features/ReaderView.swift"; sourceTree = SOURCE_ROOT; };
		D947054FEA6A35A59F6D21BA = { isa = PBXBuildFile; fileRef = 012FCCEC16C173A1A35545FD; };
		7B62D553B58876FB68BC0C8A = { isa = PBXFileReference; lastKnownFileType = sourcecode.swift; path = "PlayScript/Features/RestartPrompt.swift"; sourceTree = SOURCE_ROOT; };
		40AF56D74AB0CE9510AC2249 = { isa = PBXBuildFile; fileRef = 7B62D553B58876FB68BC0C8A; };
		C6E07C4F075EA37A6E4DEB66 = { isa = PBXFileReference; lastKnownFileType = folder.assetcatalog; path = "PlayScript/Resources/Assets.xcassets"; sourceTree = SOURCE_ROOT; };
		1BA346AE0839DEB3018F85E3 = { isa = PBXBuildFile; fileRef = C6E07C4F075EA37A6E4DEB66; };
		C1CCB1E9CBA3DBE8502A9486 = { isa = PBXFileReference; lastKnownFileType = text.xml; path = "PlayScript/Resources/PrivacyInfo.xcprivacy"; sourceTree = SOURCE_ROOT; };
		BB67327C2D9573C948C0ECEE = { isa = PBXBuildFile; fileRef = C1CCB1E9CBA3DBE8502A9486; };
		0E0376F37B95BC2814493272 = { isa = PBXFileReference; lastKnownFileType = audio.wav; path = "PlayScript/Resources/Audio/choice.wav"; sourceTree = SOURCE_ROOT; };
		901E56DE37C6B61C4C0C035C = { isa = PBXBuildFile; fileRef = 0E0376F37B95BC2814493272; };
		98712C532DF623267AA387D0 = { isa = PBXFileReference; lastKnownFileType = audio.wav; path = "PlayScript/Resources/Audio/dawn.wav"; sourceTree = SOURCE_ROOT; };
		5EBB5DA84F8FE0A96CC7D6EA = { isa = PBXBuildFile; fileRef = 98712C532DF623267AA387D0; };
		079A9338F1959701610FC38B = { isa = PBXFileReference; lastKnownFileType = audio.wav; path = "PlayScript/Resources/Audio/grief.wav"; sourceTree = SOURCE_ROOT; };
		5ED36D0E0C2FC25832A345E8 = { isa = PBXBuildFile; fileRef = 079A9338F1959701610FC38B; };
		BB17855E03368CA4FCF9E121 = { isa = PBXFileReference; lastKnownFileType = audio.wav; path = "PlayScript/Resources/Audio/longing.wav"; sourceTree = SOURCE_ROOT; };
		20F0E97A66869BEF1847A256 = { isa = PBXBuildFile; fileRef = BB17855E03368CA4FCF9E121; };
		5326B5D4123C8E868B9D21DC = { isa = PBXFileReference; lastKnownFileType = audio.wav; path = "PlayScript/Resources/Audio/tender.wav"; sourceTree = SOURCE_ROOT; };
		D287E2EB257AEF93CB6AA33D = { isa = PBXBuildFile; fileRef = 5326B5D4123C8E868B9D21DC; };
		59D6AF099D7B59E319234C0F = { isa = PBXFileReference; lastKnownFileType = audio.wav; path = "PlayScript/Resources/Audio/turn.wav"; sourceTree = SOURCE_ROOT; };
		D8020D6AF7F3D909E127F292 = { isa = PBXBuildFile; fileRef = 59D6AF099D7B59E319234C0F; };
		33DC25CD729066F1041D52EF = { isa = PBXFileReference; lastKnownFileType = audio.wav; path = "PlayScript/Resources/Audio/uneasy.wav"; sourceTree = SOURCE_ROOT; };
		96690225508432042E393391 = { isa = PBXBuildFile; fileRef = 33DC25CD729066F1041D52EF; };
		69603549CD234729112EFC34 = { isa = PBXFileReference; lastKnownFileType = audio.mp3; path = "PlayScript/Resources/Narration/voice-enough-time.mp3"; sourceTree = SOURCE_ROOT; };
		98CF365E2BA5CAFF6A68710D = { isa = PBXBuildFile; fileRef = 69603549CD234729112EFC34; };
		C7B165B0B7456B41A51BF56A = { isa = PBXFileReference; lastKnownFileType = audio.mp3; path = "PlayScript/Resources/Narration/voice-friar.mp3"; sourceTree = SOURCE_ROOT; };
		4E1E351FDE9B345CFD0C2025 = { isa = PBXBuildFile; fileRef = C7B165B0B7456B41A51BF56A; };
		DB98CBEB812B3EB11C3688A8 = { isa = PBXFileReference; lastKnownFileType = audio.mp3; path = "PlayScript/Resources/Narration/voice-in-time.mp3"; sourceTree = SOURCE_ROOT; };
		EA9254335E7C1C3C2C869B60 = { isa = PBXBuildFile; fileRef = DB98CBEB812B3EB11C3688A8; };
		D8F89662CF3EF0EDE1F4FA04 = { isa = PBXFileReference; lastKnownFileType = audio.mp3; path = "PlayScript/Resources/Narration/voice-last-kiss.mp3"; sourceTree = SOURCE_ROOT; };
		ED2C90B4F10A0E918F01D23A = { isa = PBXBuildFile; fileRef = D8F89662CF3EF0EDE1F4FA04; };
		B4CBB9F019F81C91F19F094D = { isa = PBXFileReference; lastKnownFileType = audio.mp3; path = "PlayScript/Resources/Narration/voice-letter-lost.mp3"; sourceTree = SOURCE_ROOT; };
		BC3E57ABC382930A9141A863 = { isa = PBXBuildFile; fileRef = B4CBB9F019F81C91F19F094D; };
		787A6E0D6F04C8C24DEAB2AA = { isa = PBXFileReference; lastKnownFileType = audio.mp3; path = "PlayScript/Resources/Narration/voice-morning.mp3"; sourceTree = SOURCE_ROOT; };
		2EC05E24135CA75A377AA998 = { isa = PBXBuildFile; fileRef = 787A6E0D6F04C8C24DEAB2AA; };
		2A89FB20B05AB065D3105D1C = { isa = PBXFileReference; lastKnownFileType = audio.mp3; path = "PlayScript/Resources/Narration/voice-names.mp3"; sourceTree = SOURCE_ROOT; };
		97EC72DDE466A2189AFC38A6 = { isa = PBXBuildFile; fileRef = 2A89FB20B05AB065D3105D1C; };
		220C9180A19D0215F9CCEC63 = { isa = PBXFileReference; lastKnownFileType = audio.mp3; path = "PlayScript/Resources/Narration/voice-plan.mp3"; sourceTree = SOURCE_ROOT; };
		367D9A7FEBC6B65D4D009CA9 = { isa = PBXBuildFile; fileRef = 220C9180A19D0215F9CCEC63; };
		B746BDFEC59361BF6526EF89 = { isa = PBXFileReference; lastKnownFileType = audio.mp3; path = "PlayScript/Resources/Narration/voice-potion-choice--afraid.mp3"; sourceTree = SOURCE_ROOT; };
		8550937B67BE7D0366315A8A = { isa = PBXBuildFile; fileRef = B746BDFEC59361BF6526EF89; };
		7211B11863808C59C96592BB = { isa = PBXFileReference; lastKnownFileType = audio.mp3; path = "PlayScript/Resources/Narration/voice-potion-choice--resolve.mp3"; sourceTree = SOURCE_ROOT; };
		21B5D0C37DD05A9876CE2803 = { isa = PBXBuildFile; fileRef = 7211B11863808C59C96592BB; };
		625342F77029BCA8B75BBFE8 = { isa = PBXFileReference; lastKnownFileType = audio.mp3; path = "PlayScript/Resources/Narration/voice-potion-choice.mp3"; sourceTree = SOURCE_ROOT; };
		AD45692AFEAD02AC49575BF8 = { isa = PBXBuildFile; fileRef = 625342F77029BCA8B75BBFE8; };
		C8F16FC582E5CB39F4C58F78 = { isa = PBXFileReference; lastKnownFileType = audio.mp3; path = "PlayScript/Resources/Narration/voice-reflection.mp3"; sourceTree = SOURCE_ROOT; };
		A6C2F68123B813F847243323 = { isa = PBXBuildFile; fileRef = C8F16FC582E5CB39F4C58F78; };
		19FD454FE59EC76C07AB3DD7 = { isa = PBXFileReference; lastKnownFileType = audio.mp3; path = "PlayScript/Resources/Narration/voice-ride.mp3"; sourceTree = SOURCE_ROOT; };
		D68ED329441A7BA0B3B87839 = { isa = PBXBuildFile; fileRef = 19FD454FE59EC76C07AB3DD7; };
		244587E8448E360E7C9FF628 = { isa = PBXFileReference; lastKnownFileType = audio.mp3; path = "PlayScript/Resources/Narration/voice-road.mp3"; sourceTree = SOURCE_ROOT; };
		96672E044F13A573EE76AF14 = { isa = PBXBuildFile; fileRef = 244587E8448E360E7C9FF628; };
		6FD0A8CEB1B784500653F966 = { isa = PBXFileReference; lastKnownFileType = audio.mp3; path = "PlayScript/Resources/Narration/voice-sleep.mp3"; sourceTree = SOURCE_ROOT; };
		EA60E1D50B38865ECB7D92CF = { isa = PBXBuildFile; fileRef = 6FD0A8CEB1B784500653F966; };
		9A002B10A9DBB7BFAC0FD013 = { isa = PBXFileReference; lastKnownFileType = audio.mp3; path = "PlayScript/Resources/Narration/voice-vow-choice--certain.mp3"; sourceTree = SOURCE_ROOT; };
		5C8A4DF64C197F6C19F04954 = { isa = PBXBuildFile; fileRef = 9A002B10A9DBB7BFAC0FD013; };
		9B4AA6701CE920E987E8AD33 = { isa = PBXFileReference; lastKnownFileType = audio.mp3; path = "PlayScript/Resources/Narration/voice-vow-choice--sure.mp3"; sourceTree = SOURCE_ROOT; };
		A7929381F6386D0F093EA349 = { isa = PBXBuildFile; fileRef = 9B4AA6701CE920E987E8AD33; };
		84495ADD29ABDD9072048252 = { isa = PBXFileReference; lastKnownFileType = audio.mp3; path = "PlayScript/Resources/Narration/voice-vow-choice.mp3"; sourceTree = SOURCE_ROOT; };
		B7BC4A1683C3470920E43E45 = { isa = PBXBuildFile; fileRef = 84495ADD29ABDD9072048252; };
		6863BF14F95BD214E828187C = { isa = PBXFileReference; lastKnownFileType = audio.mp3; path = "PlayScript/Resources/Narration/voice-vow.mp3"; sourceTree = SOURCE_ROOT; };
		2FC8899F9E68AD740B5C626C = { isa = PBXBuildFile; fileRef = 6863BF14F95BD214E828187C; };
		4A13752FEF407BFD2180C0F2 = { isa = PBXFileReference; lastKnownFileType = audio.mp3; path = "PlayScript/Resources/Narration/voice-wake.mp3"; sourceTree = SOURCE_ROOT; };
		D7435F5CECB26FB53305E146 = { isa = PBXBuildFile; fileRef = 4A13752FEF407BFD2180C0F2; };
		33F01EF8CDA6F1148D38A1D4 = { isa = PBXFileReference; lastKnownFileType = audio.mp3; path = "PlayScript/Resources/Narration/voice-what-if.mp3"; sourceTree = SOURCE_ROOT; };
		FEC6F352182AA11ECDF44D92 = { isa = PBXBuildFile; fileRef = 33F01EF8CDA6F1148D38A1D4; };
		B5FB7DD786398E4D9AFA1A8C = { isa = PBXFileReference; lastKnownFileType = audio.mp3; path = "PlayScript/Resources/Narration/voice-window-choice--answer.mp3"; sourceTree = SOURCE_ROOT; };
		F0008375CD132ED006F1C711 = { isa = PBXBuildFile; fileRef = B5FB7DD786398E4D9AFA1A8C; };
		09A75AD98389AFECF6F25D73 = { isa = PBXFileReference; lastKnownFileType = audio.mp3; path = "PlayScript/Resources/Narration/voice-window-choice--listen.mp3"; sourceTree = SOURCE_ROOT; };
		E4456D583E60C322C9EF3B9F = { isa = PBXBuildFile; fileRef = 09A75AD98389AFECF6F25D73; };
		231DAE092D61DB1704EE142D = { isa = PBXFileReference; lastKnownFileType = audio.mp3; path = "PlayScript/Resources/Narration/voice-window-choice.mp3"; sourceTree = SOURCE_ROOT; };
		96440FB3BD9FACF2427A12FC = { isa = PBXBuildFile; fileRef = 231DAE092D61DB1704EE142D; };
		0DA4BCFE10BDBAA360F7FB6D = { isa = PBXFileReference; lastKnownFileType = audio.mp3; path = "PlayScript/Resources/Narration/voice-window.mp3"; sourceTree = SOURCE_ROOT; };
		42C5AE837906F61BABCF434B = { isa = PBXBuildFile; fileRef = 0DA4BCFE10BDBAA360F7FB6D; };
		6F6902443E11667578C01DE0 = { isa = PBXFileReference; lastKnownFileType = text.json; path = "PlayScript/Resources/Narration/voice-enough-time.json"; sourceTree = SOURCE_ROOT; };
		132A565A49F1EF7190FCDB27 = { isa = PBXBuildFile; fileRef = 6F6902443E11667578C01DE0; };
		42F1A1FAFFA69BC0208E347F = { isa = PBXFileReference; lastKnownFileType = text.json; path = "PlayScript/Resources/Narration/voice-friar.json"; sourceTree = SOURCE_ROOT; };
		B0D619644D265A40E8FE2E6E = { isa = PBXBuildFile; fileRef = 42F1A1FAFFA69BC0208E347F; };
		B5EBAA7A01475BED5CA851EE = { isa = PBXFileReference; lastKnownFileType = text.json; path = "PlayScript/Resources/Narration/voice-in-time.json"; sourceTree = SOURCE_ROOT; };
		895246046D5B27308C495B35 = { isa = PBXBuildFile; fileRef = B5EBAA7A01475BED5CA851EE; };
		6396504EE3858F626D40FF2A = { isa = PBXFileReference; lastKnownFileType = text.json; path = "PlayScript/Resources/Narration/voice-last-kiss.json"; sourceTree = SOURCE_ROOT; };
		9D1BB3ECC7C4180D8C835284 = { isa = PBXBuildFile; fileRef = 6396504EE3858F626D40FF2A; };
		FD4742D233656BCF6BCDA014 = { isa = PBXFileReference; lastKnownFileType = text.json; path = "PlayScript/Resources/Narration/voice-letter-lost.json"; sourceTree = SOURCE_ROOT; };
		3E1FC0E911C1A8DC522DAB31 = { isa = PBXBuildFile; fileRef = FD4742D233656BCF6BCDA014; };
		AB3016B89F91E82C575C53F1 = { isa = PBXFileReference; lastKnownFileType = text.json; path = "PlayScript/Resources/Narration/voice-morning.json"; sourceTree = SOURCE_ROOT; };
		ED770795CCDB98D51F1C2B33 = { isa = PBXBuildFile; fileRef = AB3016B89F91E82C575C53F1; };
		7527C7133E2469469F169DB1 = { isa = PBXFileReference; lastKnownFileType = text.json; path = "PlayScript/Resources/Narration/voice-names.json"; sourceTree = SOURCE_ROOT; };
		557568CFA07B9DC9CD7AB47E = { isa = PBXBuildFile; fileRef = 7527C7133E2469469F169DB1; };
		43909F5D5788DA1F63589D08 = { isa = PBXFileReference; lastKnownFileType = text.json; path = "PlayScript/Resources/Narration/voice-plan.json"; sourceTree = SOURCE_ROOT; };
		4AAE6AC1EC44D4ACB0795423 = { isa = PBXBuildFile; fileRef = 43909F5D5788DA1F63589D08; };
		B5F3B3136D0F27284F5E78FF = { isa = PBXFileReference; lastKnownFileType = text.json; path = "PlayScript/Resources/Narration/voice-potion-choice--afraid.json"; sourceTree = SOURCE_ROOT; };
		E53D69295C98DAC53F8ED26B = { isa = PBXBuildFile; fileRef = B5F3B3136D0F27284F5E78FF; };
		9EF1313D4F4AA6543F71CBBE = { isa = PBXFileReference; lastKnownFileType = text.json; path = "PlayScript/Resources/Narration/voice-potion-choice--resolve.json"; sourceTree = SOURCE_ROOT; };
		6CCD51F41EB40AFAAEE0ACFA = { isa = PBXBuildFile; fileRef = 9EF1313D4F4AA6543F71CBBE; };
		9E27CA112B2BD4AFC1470DD7 = { isa = PBXFileReference; lastKnownFileType = text.json; path = "PlayScript/Resources/Narration/voice-potion-choice.json"; sourceTree = SOURCE_ROOT; };
		5D9836F7D673D6C52992469F = { isa = PBXBuildFile; fileRef = 9E27CA112B2BD4AFC1470DD7; };
		03ED59BDABED68B51D7195BD = { isa = PBXFileReference; lastKnownFileType = text.json; path = "PlayScript/Resources/Narration/voice-reflection.json"; sourceTree = SOURCE_ROOT; };
		8A245D26A9DD14C805C47538 = { isa = PBXBuildFile; fileRef = 03ED59BDABED68B51D7195BD; };
		9FFA09F2ED6556E70A79C90C = { isa = PBXFileReference; lastKnownFileType = text.json; path = "PlayScript/Resources/Narration/voice-ride.json"; sourceTree = SOURCE_ROOT; };
		023F43E41FBEAC3CD0E7E610 = { isa = PBXBuildFile; fileRef = 9FFA09F2ED6556E70A79C90C; };
		A292EDC6A87E0BE3EF767607 = { isa = PBXFileReference; lastKnownFileType = text.json; path = "PlayScript/Resources/Narration/voice-road.json"; sourceTree = SOURCE_ROOT; };
		266D802495EC16DCC33EF182 = { isa = PBXBuildFile; fileRef = A292EDC6A87E0BE3EF767607; };
		CE4C01BE11CC39BAD9D48001 = { isa = PBXFileReference; lastKnownFileType = text.json; path = "PlayScript/Resources/Narration/voice-sleep.json"; sourceTree = SOURCE_ROOT; };
		704E2A1A990CF0E517EE9939 = { isa = PBXBuildFile; fileRef = CE4C01BE11CC39BAD9D48001; };
		95DA3F602C93C4378464E573 = { isa = PBXFileReference; lastKnownFileType = text.json; path = "PlayScript/Resources/Narration/voice-vow-choice--certain.json"; sourceTree = SOURCE_ROOT; };
		79F2D57F7D3AA3960B7EE505 = { isa = PBXBuildFile; fileRef = 95DA3F602C93C4378464E573; };
		D7341B7D92B68C3D14377308 = { isa = PBXFileReference; lastKnownFileType = text.json; path = "PlayScript/Resources/Narration/voice-vow-choice--sure.json"; sourceTree = SOURCE_ROOT; };
		D30559EC1378EE9CC6FC1A7F = { isa = PBXBuildFile; fileRef = D7341B7D92B68C3D14377308; };
		01906FFB094A0E16E0C10582 = { isa = PBXFileReference; lastKnownFileType = text.json; path = "PlayScript/Resources/Narration/voice-vow-choice.json"; sourceTree = SOURCE_ROOT; };
		4E3D1ED58689E855E6DDDB35 = { isa = PBXBuildFile; fileRef = 01906FFB094A0E16E0C10582; };
		8774695C42D558751A12A31A = { isa = PBXFileReference; lastKnownFileType = text.json; path = "PlayScript/Resources/Narration/voice-vow.json"; sourceTree = SOURCE_ROOT; };
		E03D0FA51E1081722345F89D = { isa = PBXBuildFile; fileRef = 8774695C42D558751A12A31A; };
		2A549108E52716B9835FDEDE = { isa = PBXFileReference; lastKnownFileType = text.json; path = "PlayScript/Resources/Narration/voice-wake.json"; sourceTree = SOURCE_ROOT; };
		BA7E5F4C90396F465C572E5B = { isa = PBXBuildFile; fileRef = 2A549108E52716B9835FDEDE; };
		FF597BB9C644018CEEAD6613 = { isa = PBXFileReference; lastKnownFileType = text.json; path = "PlayScript/Resources/Narration/voice-what-if.json"; sourceTree = SOURCE_ROOT; };
		F4B54F51C4AF2AFB90686FF1 = { isa = PBXBuildFile; fileRef = FF597BB9C644018CEEAD6613; };
		191A7654C1B9BF0E9CA80150 = { isa = PBXFileReference; lastKnownFileType = text.json; path = "PlayScript/Resources/Narration/voice-window-choice--answer.json"; sourceTree = SOURCE_ROOT; };
		059FD4BBFA2B2D3B6CE374A5 = { isa = PBXBuildFile; fileRef = 191A7654C1B9BF0E9CA80150; };
		4DEA4F08D916433FE1F715DA = { isa = PBXFileReference; lastKnownFileType = text.json; path = "PlayScript/Resources/Narration/voice-window-choice--listen.json"; sourceTree = SOURCE_ROOT; };
		115D3AA00D19773C5845B5E6 = { isa = PBXBuildFile; fileRef = 4DEA4F08D916433FE1F715DA; };
		63BA6764EE4C9DBD534B2A36 = { isa = PBXFileReference; lastKnownFileType = text.json; path = "PlayScript/Resources/Narration/voice-window-choice.json"; sourceTree = SOURCE_ROOT; };
		8777E4A6FAD87D739779F083 = { isa = PBXBuildFile; fileRef = 63BA6764EE4C9DBD534B2A36; };
		7CFA999A262BB92255E93804 = { isa = PBXFileReference; lastKnownFileType = text.json; path = "PlayScript/Resources/Narration/voice-window.json"; sourceTree = SOURCE_ROOT; };
		917260A7107D8FA917BFD05E = { isa = PBXBuildFile; fileRef = 7CFA999A262BB92255E93804; };
		6AF1CC64F7FDE2F17AE93DF4 = { isa = PBXFileReference; lastKnownFileType = audio.mp3; path = "PlayScript/Resources/Score/fx-candle.mp3"; sourceTree = SOURCE_ROOT; };
		545EC26A09929AB5272294BE = { isa = PBXBuildFile; fileRef = 6AF1CC64F7FDE2F17AE93DF4; };
		92FE872D4667F39F37138026 = { isa = PBXFileReference; lastKnownFileType = audio.mp3; path = "PlayScript/Resources/Score/fx-choice.mp3"; sourceTree = SOURCE_ROOT; };
		B2BC2AD3171B0DD57DD017CB = { isa = PBXBuildFile; fileRef = 92FE872D4667F39F37138026; };
		2BD0095612458FC77215DEA6 = { isa = PBXFileReference; lastKnownFileType = audio.mp3; path = "PlayScript/Resources/Score/fx-letter.mp3"; sourceTree = SOURCE_ROOT; };
		A0FD23838F385930F5FC2BDB = { isa = PBXBuildFile; fileRef = 2BD0095612458FC77215DEA6; };
		FCB751D87D39269E3EE83CF9 = { isa = PBXFileReference; lastKnownFileType = audio.mp3; path = "PlayScript/Resources/Score/fx-orchard.mp3"; sourceTree = SOURCE_ROOT; };
		AADE0911C065950B3A01C23A = { isa = PBXBuildFile; fileRef = FCB751D87D39269E3EE83CF9; };
		3D50723E284076C6701EA7B5 = { isa = PBXFileReference; lastKnownFileType = audio.mp3; path = "PlayScript/Resources/Score/fx-road.mp3"; sourceTree = SOURCE_ROOT; };
		A766483DBE9E2B820B18BE3F = { isa = PBXBuildFile; fileRef = 3D50723E284076C6701EA7B5; };
		5B756880984638EE6446C38D = { isa = PBXFileReference; lastKnownFileType = audio.mp3; path = "PlayScript/Resources/Score/fx-tomb.mp3"; sourceTree = SOURCE_ROOT; };
		44A1F0C693EA90D066321600 = { isa = PBXBuildFile; fileRef = 5B756880984638EE6446C38D; };
		2F6BE9E45659188481852FBF = { isa = PBXFileReference; lastKnownFileType = audio.mp3; path = "PlayScript/Resources/Score/fx-turn.mp3"; sourceTree = SOURCE_ROOT; };
		2DE6987AFDCE37A341E8B270 = { isa = PBXBuildFile; fileRef = 2F6BE9E45659188481852FBF; };
		5900896AA5EC18A5526B24DA = { isa = PBXFileReference; lastKnownFileType = audio.mp3; path = "PlayScript/Resources/Score/score-dawn.mp3"; sourceTree = SOURCE_ROOT; };
		DA0B6C85F06E261E12D593B6 = { isa = PBXBuildFile; fileRef = 5900896AA5EC18A5526B24DA; };
		CA0DFBC95825D73DF23F9DDF = { isa = PBXFileReference; lastKnownFileType = audio.mp3; path = "PlayScript/Resources/Score/score-grief.mp3"; sourceTree = SOURCE_ROOT; };
		3A916F0A0C41DE583538722C = { isa = PBXBuildFile; fileRef = CA0DFBC95825D73DF23F9DDF; };
		CE54C8D6BE0846043472B0B2 = { isa = PBXFileReference; lastKnownFileType = audio.mp3; path = "PlayScript/Resources/Score/score-longing.mp3"; sourceTree = SOURCE_ROOT; };
		84E8AE2302F13C7FE1FF6294 = { isa = PBXBuildFile; fileRef = CE54C8D6BE0846043472B0B2; };
		F6A036DD300276CE84DE9EA4 = { isa = PBXFileReference; lastKnownFileType = audio.mp3; path = "PlayScript/Resources/Score/score-tender.mp3"; sourceTree = SOURCE_ROOT; };
		71CF5938B5206045D2025A84 = { isa = PBXBuildFile; fileRef = F6A036DD300276CE84DE9EA4; };
		183491B2B4EDD90F9BF187FE = { isa = PBXFileReference; lastKnownFileType = audio.mp3; path = "PlayScript/Resources/Score/score-uneasy.mp3"; sourceTree = SOURCE_ROOT; };
		7E0EA77802EF8B804F72DAE4 = { isa = PBXBuildFile; fileRef = 183491B2B4EDD90F9BF187FE; };
		1E75EA86F2ED7F9D272A9C51 = { isa = PBXFileReference; lastKnownFileType = text.json; path = "PlayScript/Resources/Lottie/accent-letter.json"; sourceTree = SOURCE_ROOT; };
		189025D4921D71D971B348C1 = { isa = PBXBuildFile; fileRef = 1E75EA86F2ED7F9D272A9C51; };
		1FD9C295D5A75CAD54EF3A8D = { isa = PBXFileReference; lastKnownFileType = text.json; path = "PlayScript/Resources/Lottie/accent-thought.json"; sourceTree = SOURCE_ROOT; };
		B92BBDC00373FFE4A51FA898 = { isa = PBXBuildFile; fileRef = 1FD9C295D5A75CAD54EF3A8D; };
		CB7B0CF90D66D561575A605C = { isa = PBXFileReference; lastKnownFileType = text.json; path = "PlayScript/Resources/Lottie/scene-chamber.json"; sourceTree = SOURCE_ROOT; };
		CAFBD7145ADD5B3843DD07CD = { isa = PBXBuildFile; fileRef = CB7B0CF90D66D561575A605C; };
		B6D1F3EBFF26DBEB0E0F759A = { isa = PBXFileReference; lastKnownFileType = text.json; path = "PlayScript/Resources/Lottie/scene-orchard.json"; sourceTree = SOURCE_ROOT; };
		608BA2B7ED2BD210F41F395C = { isa = PBXBuildFile; fileRef = B6D1F3EBFF26DBEB0E0F759A; };
		66B3DF637FE99F993E8BB719 = { isa = PBXFileReference; lastKnownFileType = text.json; path = "PlayScript/Resources/Lottie/scene-road.json"; sourceTree = SOURCE_ROOT; };
		AED31D9378C366D5B95B4056 = { isa = PBXBuildFile; fileRef = 66B3DF637FE99F993E8BB719; };
		98710EE6FCD9F4D3CAD66515 = { isa = PBXFileReference; lastKnownFileType = text.json; path = "PlayScript/Resources/Lottie/scene-tomb.json"; sourceTree = SOURCE_ROOT; };
		D5466D08C81D82BDE580D0B7 = { isa = PBXBuildFile; fileRef = 98710EE6FCD9F4D3CAD66515; };
		4760C4C807E084BD2B60A4CD = { isa = PBXFileReference; lastKnownFileType = file; path = "PlayScript/Resources/Lottie/commit-check.lottie"; sourceTree = SOURCE_ROOT; };
		D97F382DF2B2D73A78845439 = { isa = PBXBuildFile; fileRef = 4760C4C807E084BD2B60A4CD; };
		9C0932421E0B6D37F3B27250 = { isa = PBXFileReference; lastKnownFileType = file; path = "PlayScript/Resources/Lottie/ending-infinity.lottie"; sourceTree = SOURCE_ROOT; };
		3CF7834F94C50C3B9632D2E1 = { isa = PBXBuildFile; fileRef = 9C0932421E0B6D37F3B27250; };
		E0572E85C4C911CABEE20A19 = { isa = PBXFileReference; lastKnownFileType = file; path = "PlayScript/Resources/Lottie/hero-heart.lottie"; sourceTree = SOURCE_ROOT; };
		1867D11A5FC447768EDB1D8C = { isa = PBXBuildFile; fileRef = E0572E85C4C911CABEE20A19; };
		F80794A89089E076ABA8C54F = { isa = PBXFileReference; lastKnownFileType = file; path = "PlayScript/Resources/Lottie/narration-quill.lottie"; sourceTree = SOURCE_ROOT; };
		4245CB816EEEA7623B5F9A9A = { isa = PBXBuildFile; fileRef = F80794A89089E076ABA8C54F; };
		2562EE2213651BEC90B93FC4 = { isa = PBXFileReference; lastKnownFileType = sourcecode.swift; path = "PlayScriptUITests/PlayScriptUITests.swift"; sourceTree = SOURCE_ROOT; };
		909280FF7091056AF1A1CC9D = { isa = PBXBuildFile; fileRef = 2562EE2213651BEC90B93FC4; };
		C2B6AF95E5FB6AF04547C8EA = { isa = PBXFileReference; explicitFileType = wrapper.application; path = PlayScript.app; sourceTree = BUILT_PRODUCTS_DIR; };
		77EB3AD38D803EC3C3DF9309 = { isa = PBXFileReference; explicitFileType = wrapper.cfbundle; path = PlayScriptUITests.xctest; sourceTree = BUILT_PRODUCTS_DIR; };
		FE0A091FDBFB3E9C31B7A1BD = { isa = PBXGroup; children = (C2B6AF95E5FB6AF04547C8EA, 77EB3AD38D803EC3C3DF9309,); name = Products; sourceTree = "<group>"; };
		A7D8CE70846932FEE851CAD6 = { isa = PBXGroup; children = (F829721F430E754710938C71, CCF4D86A61BEE64191A541E4, 2C5014D35F8F8F85DBC382A6, 1D10028ABE40A114F1FF73A7, F55795F591A0E5108C9929E5, 3C94EE9D3D4F7776354C8953, 1A1A6A31B653A9371014D1F4, 9953C787A934D572A391F26A, 7FA91B01DCD702BBB39B3657, F672878755CE0AE3B9932084, AE74AE7EA4DF35E7652808C8, 7BA0AB0A7E55D00B0D1B9A02, 012FCCEC16C173A1A35545FD, 7B62D553B58876FB68BC0C8A, C6E07C4F075EA37A6E4DEB66, C1CCB1E9CBA3DBE8502A9486, 0E0376F37B95BC2814493272, 98712C532DF623267AA387D0, 079A9338F1959701610FC38B, BB17855E03368CA4FCF9E121, 5326B5D4123C8E868B9D21DC, 59D6AF099D7B59E319234C0F, 33DC25CD729066F1041D52EF, 69603549CD234729112EFC34, C7B165B0B7456B41A51BF56A, DB98CBEB812B3EB11C3688A8, D8F89662CF3EF0EDE1F4FA04, B4CBB9F019F81C91F19F094D, 787A6E0D6F04C8C24DEAB2AA, 2A89FB20B05AB065D3105D1C, 220C9180A19D0215F9CCEC63, B746BDFEC59361BF6526EF89, 7211B11863808C59C96592BB, 625342F77029BCA8B75BBFE8, C8F16FC582E5CB39F4C58F78, 19FD454FE59EC76C07AB3DD7, 244587E8448E360E7C9FF628, 6FD0A8CEB1B784500653F966, 9A002B10A9DBB7BFAC0FD013, 9B4AA6701CE920E987E8AD33, 84495ADD29ABDD9072048252, 6863BF14F95BD214E828187C, 4A13752FEF407BFD2180C0F2, 33F01EF8CDA6F1148D38A1D4, B5FB7DD786398E4D9AFA1A8C, 09A75AD98389AFECF6F25D73, 231DAE092D61DB1704EE142D, 0DA4BCFE10BDBAA360F7FB6D, 6F6902443E11667578C01DE0, 42F1A1FAFFA69BC0208E347F, B5EBAA7A01475BED5CA851EE, 6396504EE3858F626D40FF2A, FD4742D233656BCF6BCDA014, AB3016B89F91E82C575C53F1, 7527C7133E2469469F169DB1, 43909F5D5788DA1F63589D08, B5F3B3136D0F27284F5E78FF, 9EF1313D4F4AA6543F71CBBE, 9E27CA112B2BD4AFC1470DD7, 03ED59BDABED68B51D7195BD, 9FFA09F2ED6556E70A79C90C, A292EDC6A87E0BE3EF767607, CE4C01BE11CC39BAD9D48001, 95DA3F602C93C4378464E573, D7341B7D92B68C3D14377308, 01906FFB094A0E16E0C10582, 8774695C42D558751A12A31A, 2A549108E52716B9835FDEDE, FF597BB9C644018CEEAD6613, 191A7654C1B9BF0E9CA80150, 4DEA4F08D916433FE1F715DA, 63BA6764EE4C9DBD534B2A36, 7CFA999A262BB92255E93804, 6AF1CC64F7FDE2F17AE93DF4, 92FE872D4667F39F37138026, 2BD0095612458FC77215DEA6, FCB751D87D39269E3EE83CF9, 3D50723E284076C6701EA7B5, 5B756880984638EE6446C38D, 2F6BE9E45659188481852FBF, 5900896AA5EC18A5526B24DA, CA0DFBC95825D73DF23F9DDF, CE54C8D6BE0846043472B0B2, F6A036DD300276CE84DE9EA4, 183491B2B4EDD90F9BF187FE, 1E75EA86F2ED7F9D272A9C51, 1FD9C295D5A75CAD54EF3A8D, CB7B0CF90D66D561575A605C, B6D1F3EBFF26DBEB0E0F759A, 66B3DF637FE99F993E8BB719, 98710EE6FCD9F4D3CAD66515, 4760C4C807E084BD2B60A4CD, 9C0932421E0B6D37F3B27250, E0572E85C4C911CABEE20A19, F80794A89089E076ABA8C54F,); name = PlayScript; sourceTree = "<group>"; };
		92BB62760DD0921811D365ED = { isa = PBXGroup; children = (2562EE2213651BEC90B93FC4,); name = PlayScriptUITests; sourceTree = "<group>"; };
		2EB2D8158FC6EF9EB19CB439 = { isa = PBXGroup; children = (A7D8CE70846932FEE851CAD6, 92BB62760DD0921811D365ED, FE0A091FDBFB3E9C31B7A1BD,); sourceTree = "<group>"; };
		EEFA2ADC05792F5C1C1A6481 = { isa = XCLocalSwiftPackageReference; relativePath = StoryCore; };
		EA281641D145F2D9F91A3FA8 = { isa = XCSwiftPackageProductDependency; package = EEFA2ADC05792F5C1C1A6481; productName = StoryCore; };
		57725CDA03D140AC16E11B84 = { isa = PBXBuildFile; productRef = EA281641D145F2D9F91A3FA8; };
		CA017827E9C51F8FD2DBF1EF = { isa = XCRemoteSwiftPackageReference; repositoryURL = "https://github.com/airbnb/lottie-ios"; requirement = { kind = upToNextMajorVersion; minimumVersion = 4.5.0; }; };
		2DC8269A93EE839364AC1CBB = { isa = XCSwiftPackageProductDependency; package = CA017827E9C51F8FD2DBF1EF; productName = Lottie; };
		0DECEFBF62D6750C30192181 = { isa = PBXBuildFile; productRef = 2DC8269A93EE839364AC1CBB; };
		6805EC6AFDAFDBE18E2FF355 = { isa = PBXSourcesBuildPhase; buildActionMask = 2147483647; files = (A4CEC3E27CF2E2184D91AF6A, 5E67D94144A5562035B00DD4, 45A4BB673ECE4E20E9C2564A, 3A0B9E213F6BD999A6161FA8, 45808286D2DD2FF4B7493EF9, D3ECBE6706AFD5E6F8ECAF11, 5F31CD51A5A5971C01C4FEA3, D50E298F49673F8F7BB72AB4, F27F394ECECFEDFB0F6D2AD5, E2C93032D40A44568423160F, 30054AF8610C0CB4C47A1BA4, B98ADC7663AC383E79507E68, D947054FEA6A35A59F6D21BA, 40AF56D74AB0CE9510AC2249,); runOnlyForDeploymentPostprocessing = 0; };
		0F91A57B11B30F1A7980649D = { isa = PBXFrameworksBuildPhase; buildActionMask = 2147483647; files = (57725CDA03D140AC16E11B84, 0DECEFBF62D6750C30192181,); runOnlyForDeploymentPostprocessing = 0; };
		2AC7AB26953A78AD46B49603 = { isa = PBXResourcesBuildPhase; buildActionMask = 2147483647; files = (1BA346AE0839DEB3018F85E3, BB67327C2D9573C948C0ECEE, 901E56DE37C6B61C4C0C035C, 5EBB5DA84F8FE0A96CC7D6EA, 5ED36D0E0C2FC25832A345E8, 20F0E97A66869BEF1847A256, D287E2EB257AEF93CB6AA33D, D8020D6AF7F3D909E127F292, 96690225508432042E393391, 98CF365E2BA5CAFF6A68710D, 4E1E351FDE9B345CFD0C2025, EA9254335E7C1C3C2C869B60, ED2C90B4F10A0E918F01D23A, BC3E57ABC382930A9141A863, 2EC05E24135CA75A377AA998, 97EC72DDE466A2189AFC38A6, 367D9A7FEBC6B65D4D009CA9, 8550937B67BE7D0366315A8A, 21B5D0C37DD05A9876CE2803, AD45692AFEAD02AC49575BF8, A6C2F68123B813F847243323, D68ED329441A7BA0B3B87839, 96672E044F13A573EE76AF14, EA60E1D50B38865ECB7D92CF, 5C8A4DF64C197F6C19F04954, A7929381F6386D0F093EA349, B7BC4A1683C3470920E43E45, 2FC8899F9E68AD740B5C626C, D7435F5CECB26FB53305E146, FEC6F352182AA11ECDF44D92, F0008375CD132ED006F1C711, E4456D583E60C322C9EF3B9F, 96440FB3BD9FACF2427A12FC, 42C5AE837906F61BABCF434B, 132A565A49F1EF7190FCDB27, B0D619644D265A40E8FE2E6E, 895246046D5B27308C495B35, 9D1BB3ECC7C4180D8C835284, 3E1FC0E911C1A8DC522DAB31, ED770795CCDB98D51F1C2B33, 557568CFA07B9DC9CD7AB47E, 4AAE6AC1EC44D4ACB0795423, E53D69295C98DAC53F8ED26B, 6CCD51F41EB40AFAAEE0ACFA, 5D9836F7D673D6C52992469F, 8A245D26A9DD14C805C47538, 023F43E41FBEAC3CD0E7E610, 266D802495EC16DCC33EF182, 704E2A1A990CF0E517EE9939, 79F2D57F7D3AA3960B7EE505, D30559EC1378EE9CC6FC1A7F, 4E3D1ED58689E855E6DDDB35, E03D0FA51E1081722345F89D, BA7E5F4C90396F465C572E5B, F4B54F51C4AF2AFB90686FF1, 059FD4BBFA2B2D3B6CE374A5, 115D3AA00D19773C5845B5E6, 8777E4A6FAD87D739779F083, 917260A7107D8FA917BFD05E, 545EC26A09929AB5272294BE, B2BC2AD3171B0DD57DD017CB, A0FD23838F385930F5FC2BDB, AADE0911C065950B3A01C23A, A766483DBE9E2B820B18BE3F, 44A1F0C693EA90D066321600, 2DE6987AFDCE37A341E8B270, DA0B6C85F06E261E12D593B6, 3A916F0A0C41DE583538722C, 84E8AE2302F13C7FE1FF6294, 71CF5938B5206045D2025A84, 7E0EA77802EF8B804F72DAE4, 189025D4921D71D971B348C1, B92BBDC00373FFE4A51FA898, CAFBD7145ADD5B3843DD07CD, 608BA2B7ED2BD210F41F395C, AED31D9378C366D5B95B4056, D5466D08C81D82BDE580D0B7, D97F382DF2B2D73A78845439, 3CF7834F94C50C3B9632D2E1, 1867D11A5FC447768EDB1D8C, 4245CB816EEEA7623B5F9A9A,); runOnlyForDeploymentPostprocessing = 0; };
		87AA925F24AC656A8AAB80A9 = { isa = PBXSourcesBuildPhase; buildActionMask = 2147483647; files = (909280FF7091056AF1A1CC9D,); runOnlyForDeploymentPostprocessing = 0; };
		D6C04E321AC1AC815067AD02 = { isa = PBXFrameworksBuildPhase; buildActionMask = 2147483647; files = (); runOnlyForDeploymentPostprocessing = 0; };
		2FD82F28117CA43F2CCC2350 = { isa = PBXResourcesBuildPhase; buildActionMask = 2147483647; files = (); runOnlyForDeploymentPostprocessing = 0; };
		3A77CD648711364E9A877D62 = { isa = XCBuildConfiguration; buildSettings = {IPHONEOS_DEPLOYMENT_TARGET = "18.0"; SWIFT_VERSION = "5.0"; CLANG_ENABLE_MODULES = "YES"; SDKROOT = "iphoneos"; SUPPORTED_PLATFORMS = "iphoneos iphonesimulator"; CODE_SIGN_STYLE = "Automatic"; TARGETED_DEVICE_FAMILY = "1"; GENERATE_INFOPLIST_FILE = "YES"; MARKETING_VERSION = "1.0"; CURRENT_PROJECT_VERSION = "1"; LD_RUNPATH_SEARCH_PATHS = "$(inherited) @executable_path/Frameworks"; PRODUCT_BUNDLE_IDENTIFIER = "com.sh1vendra.PlayScript"; PRODUCT_NAME = "$(TARGET_NAME)"; INFOPLIST_KEY_CFBundleDisplayName = "PlayScript"; INFOPLIST_KEY_LSApplicationCategoryType = "public.app-category.books"; INFOPLIST_KEY_UILaunchScreen_Generation = "YES"; INFOPLIST_KEY_UISupportedInterfaceOrientations = "UIInterfaceOrientationPortrait"; INFOPLIST_KEY_UIApplicationSceneManifest_Generation = "YES"; INFOPLIST_KEY_UIStatusBarStyle = "UIStatusBarStyleDefault"; ASSETCATALOG_COMPILER_GLOBAL_ACCENT_COLOR_NAME = "AccentColor"; ASSETCATALOG_COMPILER_APPICON_NAME = "AppIcon"; SUPPORTS_MACCATALYST = "NO"; SUPPORTS_XR_DESIGNED_FOR_IPHONE_IPAD = "NO"; SWIFT_OPTIMIZATION_LEVEL = "-Onone"; DEBUG_INFORMATION_FORMAT = "dwarf"; ONLY_ACTIVE_ARCH = "YES"; SWIFT_ACTIVE_COMPILATION_CONDITIONS = "DEBUG $(inherited)"; ENABLE_TESTABILITY = "YES";}; name = Debug; };
		066776A1C212750E8BE506A2 = { isa = XCBuildConfiguration; buildSettings = {IPHONEOS_DEPLOYMENT_TARGET = "18.0"; SWIFT_VERSION = "5.0"; CLANG_ENABLE_MODULES = "YES"; SDKROOT = "iphoneos"; SUPPORTED_PLATFORMS = "iphoneos iphonesimulator"; CODE_SIGN_STYLE = "Automatic"; TARGETED_DEVICE_FAMILY = "1"; GENERATE_INFOPLIST_FILE = "YES"; MARKETING_VERSION = "1.0"; CURRENT_PROJECT_VERSION = "1"; LD_RUNPATH_SEARCH_PATHS = "$(inherited) @executable_path/Frameworks"; PRODUCT_BUNDLE_IDENTIFIER = "com.sh1vendra.PlayScript"; PRODUCT_NAME = "$(TARGET_NAME)"; INFOPLIST_KEY_CFBundleDisplayName = "PlayScript"; INFOPLIST_KEY_LSApplicationCategoryType = "public.app-category.books"; INFOPLIST_KEY_UILaunchScreen_Generation = "YES"; INFOPLIST_KEY_UISupportedInterfaceOrientations = "UIInterfaceOrientationPortrait"; INFOPLIST_KEY_UIApplicationSceneManifest_Generation = "YES"; INFOPLIST_KEY_UIStatusBarStyle = "UIStatusBarStyleDefault"; ASSETCATALOG_COMPILER_GLOBAL_ACCENT_COLOR_NAME = "AccentColor"; ASSETCATALOG_COMPILER_APPICON_NAME = "AppIcon"; SUPPORTS_MACCATALYST = "NO"; SUPPORTS_XR_DESIGNED_FOR_IPHONE_IPAD = "NO"; SWIFT_OPTIMIZATION_LEVEL = "-O"; DEBUG_INFORMATION_FORMAT = "dwarf-with-dsym"; ONLY_ACTIVE_ARCH = "NO";}; name = Release; };
		B5E4F9F7C53A9A6AF99DBCE3 = { isa = XCConfigurationList; buildConfigurations = (3A77CD648711364E9A877D62, 066776A1C212750E8BE506A2,); defaultConfigurationIsVisible = 0; defaultConfigurationName = Release; };
		34BE6D4215B8B1C254345416 = { isa = XCBuildConfiguration; buildSettings = {IPHONEOS_DEPLOYMENT_TARGET = "18.0"; SWIFT_VERSION = "5.0"; CLANG_ENABLE_MODULES = "YES"; SDKROOT = "iphoneos"; SUPPORTED_PLATFORMS = "iphoneos iphonesimulator"; CODE_SIGN_STYLE = "Automatic"; TARGETED_DEVICE_FAMILY = "1"; GENERATE_INFOPLIST_FILE = "YES"; MARKETING_VERSION = "1.0"; CURRENT_PROJECT_VERSION = "1"; LD_RUNPATH_SEARCH_PATHS = "$(inherited) @executable_path/Frameworks"; PRODUCT_BUNDLE_IDENTIFIER = "com.sh1vendra.PlayScriptUITests"; PRODUCT_NAME = "$(TARGET_NAME)"; TEST_TARGET_NAME = "PlayScript"; SWIFT_OPTIMIZATION_LEVEL = "-Onone"; DEBUG_INFORMATION_FORMAT = "dwarf"; ONLY_ACTIVE_ARCH = "YES"; SWIFT_ACTIVE_COMPILATION_CONDITIONS = "DEBUG $(inherited)"; ENABLE_TESTABILITY = "YES";}; name = Debug; };
		FADCA9E4220DCCB4910052B3 = { isa = XCBuildConfiguration; buildSettings = {IPHONEOS_DEPLOYMENT_TARGET = "18.0"; SWIFT_VERSION = "5.0"; CLANG_ENABLE_MODULES = "YES"; SDKROOT = "iphoneos"; SUPPORTED_PLATFORMS = "iphoneos iphonesimulator"; CODE_SIGN_STYLE = "Automatic"; TARGETED_DEVICE_FAMILY = "1"; GENERATE_INFOPLIST_FILE = "YES"; MARKETING_VERSION = "1.0"; CURRENT_PROJECT_VERSION = "1"; LD_RUNPATH_SEARCH_PATHS = "$(inherited) @executable_path/Frameworks"; PRODUCT_BUNDLE_IDENTIFIER = "com.sh1vendra.PlayScriptUITests"; PRODUCT_NAME = "$(TARGET_NAME)"; TEST_TARGET_NAME = "PlayScript"; SWIFT_OPTIMIZATION_LEVEL = "-O"; DEBUG_INFORMATION_FORMAT = "dwarf-with-dsym"; ONLY_ACTIVE_ARCH = "NO";}; name = Release; };
		FF22B4F29851F2D7C0C485AF = { isa = XCConfigurationList; buildConfigurations = (34BE6D4215B8B1C254345416, FADCA9E4220DCCB4910052B3,); defaultConfigurationIsVisible = 0; defaultConfigurationName = Release; };
		BFD315016DE16320F7E2120C = { isa = XCBuildConfiguration; buildSettings = {CLANG_ENABLE_MODULES = "YES"; SWIFT_VERSION = "5.0"; IPHONEOS_DEPLOYMENT_TARGET = "18.0"; SWIFT_OPTIMIZATION_LEVEL = "-Onone"; DEBUG_INFORMATION_FORMAT = "dwarf"; ONLY_ACTIVE_ARCH = "YES"; SWIFT_ACTIVE_COMPILATION_CONDITIONS = "DEBUG $(inherited)"; ENABLE_TESTABILITY = "YES";}; name = Debug; };
		1D8C0C6B1D22EA8C7669B263 = { isa = XCBuildConfiguration; buildSettings = {CLANG_ENABLE_MODULES = "YES"; SWIFT_VERSION = "5.0"; IPHONEOS_DEPLOYMENT_TARGET = "18.0"; SWIFT_OPTIMIZATION_LEVEL = "-O"; DEBUG_INFORMATION_FORMAT = "dwarf-with-dsym"; ONLY_ACTIVE_ARCH = "NO";}; name = Release; };
		5D7731714D3E69D68AA8D7ED = { isa = XCConfigurationList; buildConfigurations = (BFD315016DE16320F7E2120C, 1D8C0C6B1D22EA8C7669B263,); defaultConfigurationIsVisible = 0; defaultConfigurationName = Release; };
		0352A6A2FCE048894C87B37E = { isa = PBXNativeTarget; buildConfigurationList = B5E4F9F7C53A9A6AF99DBCE3; buildPhases = (6805EC6AFDAFDBE18E2FF355, 0F91A57B11B30F1A7980649D, 2AC7AB26953A78AD46B49603,); buildRules = (); dependencies = (); name = PlayScript; packageProductDependencies = (EA281641D145F2D9F91A3FA8, 2DC8269A93EE839364AC1CBB,); productName = PlayScript; productReference = C2B6AF95E5FB6AF04547C8EA; productType = "com.apple.product-type.application"; };
		EF0794AFBCEA11C45624C999 = { isa = PBXContainerItemProxy; containerPortal = F6F4DA8D93E88A08220E03B7; proxyType = 1; remoteGlobalIDString = 0352A6A2FCE048894C87B37E; remoteInfo = PlayScript; };
		6B80F10AB86E724D72721556 = { isa = PBXTargetDependency; target = 0352A6A2FCE048894C87B37E; targetProxy = EF0794AFBCEA11C45624C999; };
		C24B2138018A654E3D8BE775 = { isa = PBXNativeTarget; buildConfigurationList = FF22B4F29851F2D7C0C485AF; buildPhases = (87AA925F24AC656A8AAB80A9, D6C04E321AC1AC815067AD02, 2FD82F28117CA43F2CCC2350,); buildRules = (); dependencies = (6B80F10AB86E724D72721556,); name = PlayScriptUITests; productName = PlayScriptUITests; productReference = 77EB3AD38D803EC3C3DF9309; productType = "com.apple.product-type.bundle.ui-testing"; };
		F6F4DA8D93E88A08220E03B7 = { isa = PBXProject; attributes = { BuildIndependentTargetsInParallel = YES; LastUpgradeCheck = 1600; TargetAttributes = { 0352A6A2FCE048894C87B37E = {CreatedOnToolsVersion = 16.0;}; C24B2138018A654E3D8BE775 = {CreatedOnToolsVersion = 16.0; TestTargetID = 0352A6A2FCE048894C87B37E;}; }; }; buildConfigurationList = 5D7731714D3E69D68AA8D7ED; compatibilityVersion = "Xcode 14.0"; developmentRegion = en; hasScannedForEncodings = 0; knownRegions = (en, Base); mainGroup = 2EB2D8158FC6EF9EB19CB439; productRefGroup = FE0A091FDBFB3E9C31B7A1BD; projectDirPath = ""; projectRoot = ""; packageReferences = (EEFA2ADC05792F5C1C1A6481, CA017827E9C51F8FD2DBF1EF,); targets = (0352A6A2FCE048894C87B37E, C24B2138018A654E3D8BE775,); };
	};
	rootObject = F6F4DA8D93E88A08220E03B7;
}
