// !$*UTF8*$!
{
	archiveVersion = 1;
	classes = {};
	objectVersion = 56;
	objects = {
		F829721F430E754710938C71 = { isa = PBXFileReference; lastKnownFileType = sourcecode.swift; path = "PlayScript/App/PlayScriptApp.swift"; sourceTree = SOURCE_ROOT; };
		A4CEC3E27CF2E2184D91AF6A = { isa = PBXBuildFile; fileRef = F829721F430E754710938C71; };
		CCF4D86A61BEE64191A541E4 = { isa = PBXFileReference; lastKnownFileType = sourcecode.swift; path = "PlayScript/App/ReadingModel.swift"; sourceTree = SOURCE_ROOT; };
		5E67D94144A5562035B00DD4 = { isa = PBXBuildFile; fileRef = CCF4D86A61BEE64191A541E4; };
		1D10028ABE40A114F1FF73A7 = { isa = PBXFileReference; lastKnownFileType = sourcecode.swift; path = "PlayScript/Audio/Soundscape.swift"; sourceTree = SOURCE_ROOT; };
		3A0B9E213F6BD999A6161FA8 = { isa = PBXBuildFile; fileRef = 1D10028ABE40A114F1FF73A7; };
		7FA91B01DCD702BBB39B3657 = { isa = PBXFileReference; lastKnownFileType = sourcecode.swift; path = "PlayScript/Design/Theme.swift"; sourceTree = SOURCE_ROOT; };
		F27F394ECECFEDFB0F6D2AD5 = { isa = PBXBuildFile; fileRef = 7FA91B01DCD702BBB39B3657; };
		AE74AE7EA4DF35E7652808C8 = { isa = PBXFileReference; lastKnownFileType = sourcecode.swift; path = "PlayScript/Features/LibraryView.swift"; sourceTree = SOURCE_ROOT; };
		30054AF8610C0CB4C47A1BA4 = { isa = PBXBuildFile; fileRef = AE74AE7EA4DF35E7652808C8; };
		012FCCEC16C173A1A35545FD = { isa = PBXFileReference; lastKnownFileType = sourcecode.swift; path = "PlayScript/Features/ReaderView.swift"; sourceTree = SOURCE_ROOT; };
		D947054FEA6A35A59F6D21BA = { isa = PBXBuildFile; fileRef = 012FCCEC16C173A1A35545FD; };
		C6E07C4F075EA37A6E4DEB66 = { isa = PBXFileReference; lastKnownFileType = folder.assetcatalog; path = "PlayScript/Resources/Assets.xcassets"; sourceTree = SOURCE_ROOT; };
		1BA346AE0839DEB3018F85E3 = { isa = PBXBuildFile; fileRef = C6E07C4F075EA37A6E4DEB66; };
		C1CCB1E9CBA3DBE8502A9486 = { isa = PBXFileReference; lastKnownFileType = text.xml; path = "PlayScript/Resources/PrivacyInfo.xcprivacy"; sourceTree = SOURCE_ROOT; };
		BB67327C2D9573C948C0ECEE = { isa = PBXBuildFile; fileRef = C1CCB1E9CBA3DBE8502A9486; };
		0E0376F37B95BC2814493272 = { isa = PBXFileReference; lastKnownFileType = audio.wav; path = "PlayScript/Resources/Audio/choice.wav"; sourceTree = SOURCE_ROOT; };
		901E56DE37C6B61C4C0C035C = { isa = PBXBuildFile; fileRef = 0E0376F37B95BC2814493272; };
		98712C532DF623267AA387D0 = { isa = PBXFileReference; lastKnownFileType = audio.wav; path = "PlayScript/Resources/Audio/dawn.wav"; sourceTree = SOURCE_ROOT; };
		5EBB5DA84F8FE0A96CC7D6EA = { isa = PBXBuildFile; fileRef = 98712C532DF623267AA387D0; };
		079A9338F1959701610FC38B = { isa = PBXFileReference; lastKnownFileType = audio.wav; path = "PlayScript/Resources/Audio/grief.wav"; sourceTree = SOURCE_ROOT; };
		5ED36D0E0C2FC25832A345E8 = { isa = PBXBuildFile; fileRef = 079A9338F1959701610FC38B; };
		BB17855E03368CA4FCF9E121 = { isa = PBXFileReference; lastKnownFileType = audio.wav; path = "PlayScript/Resources/Audio/longing.wav"; sourceTree = SOURCE_ROOT; };
		20F0E97A66869BEF1847A256 = { isa = PBXBuildFile; fileRef = BB17855E03368CA4FCF9E121; };
		5326B5D4123C8E868B9D21DC = { isa = PBXFileReference; lastKnownFileType = audio.wav; path = "PlayScript/Resources/Audio/tender.wav"; sourceTree = SOURCE_ROOT; };
		D287E2EB257AEF93CB6AA33D = { isa = PBXBuildFile; fileRef = 5326B5D4123C8E868B9D21DC; };
		59D6AF099D7B59E319234C0F = { isa = PBXFileReference; lastKnownFileType = audio.wav; path = "PlayScript/Resources/Audio/turn.wav"; sourceTree = SOURCE_ROOT; };
		D8020D6AF7F3D909E127F292 = { isa = PBXBuildFile; fileRef = 59D6AF099D7B59E319234C0F; };
		33DC25CD729066F1041D52EF = { isa = PBXFileReference; lastKnownFileType = audio.wav; path = "PlayScript/Resources/Audio/uneasy.wav"; sourceTree = SOURCE_ROOT; };
		96690225508432042E393391 = { isa = PBXBuildFile; fileRef = 33DC25CD729066F1041D52EF; };
		2562EE2213651BEC90B93FC4 = { isa = PBXFileReference; lastKnownFileType = sourcecode.swift; path = "PlayScriptUITests/PlayScriptUITests.swift"; sourceTree = SOURCE_ROOT; };
		909280FF7091056AF1A1CC9D = { isa = PBXBuildFile; fileRef = 2562EE2213651BEC90B93FC4; };
		C2B6AF95E5FB6AF04547C8EA = { isa = PBXFileReference; explicitFileType = wrapper.application; path = PlayScript.app; sourceTree = BUILT_PRODUCTS_DIR; };
		77EB3AD38D803EC3C3DF9309 = { isa = PBXFileReference; explicitFileType = wrapper.cfbundle; path = PlayScriptUITests.xctest; sourceTree = BUILT_PRODUCTS_DIR; };
		FE0A091FDBFB3E9C31B7A1BD = { isa = PBXGroup; children = (C2B6AF95E5FB6AF04547C8EA, 77EB3AD38D803EC3C3DF9309,); name = Products; sourceTree = "<group>"; };
		A7D8CE70846932FEE851CAD6 = { isa = PBXGroup; children = (F829721F430E754710938C71, CCF4D86A61BEE64191A541E4, 1D10028ABE40A114F1FF73A7, 7FA91B01DCD702BBB39B3657, AE74AE7EA4DF35E7652808C8, 012FCCEC16C173A1A35545FD, C6E07C4F075EA37A6E4DEB66, C1CCB1E9CBA3DBE8502A9486, 0E0376F37B95BC2814493272, 98712C532DF623267AA387D0, 079A9338F1959701610FC38B, BB17855E03368CA4FCF9E121, 5326B5D4123C8E868B9D21DC, 59D6AF099D7B59E319234C0F, 33DC25CD729066F1041D52EF,); name = PlayScript; sourceTree = "<group>"; };
		92BB62760DD0921811D365ED = { isa = PBXGroup; children = (2562EE2213651BEC90B93FC4,); name = PlayScriptUITests; sourceTree = "<group>"; };
		2EB2D8158FC6EF9EB19CB439 = { isa = PBXGroup; children = (A7D8CE70846932FEE851CAD6, 92BB62760DD0921811D365ED, FE0A091FDBFB3E9C31B7A1BD,); sourceTree = "<group>"; };
		EEFA2ADC05792F5C1C1A6481 = { isa = XCLocalSwiftPackageReference; relativePath = StoryCore; };
		EA281641D145F2D9F91A3FA8 = { isa = XCSwiftPackageProductDependency; package = EEFA2ADC05792F5C1C1A6481; productName = StoryCore; };
		57725CDA03D140AC16E11B84 = { isa = PBXBuildFile; productRef = EA281641D145F2D9F91A3FA8; };
		6805EC6AFDAFDBE18E2FF355 = { isa = PBXSourcesBuildPhase; buildActionMask = 2147483647; files = (A4CEC3E27CF2E2184D91AF6A, 5E67D94144A5562035B00DD4, 3A0B9E213F6BD999A6161FA8, F27F394ECECFEDFB0F6D2AD5, 30054AF8610C0CB4C47A1BA4, D947054FEA6A35A59F6D21BA,); runOnlyForDeploymentPostprocessing = 0; };
		0F91A57B11B30F1A7980649D = { isa = PBXFrameworksBuildPhase; buildActionMask = 2147483647; files = (57725CDA03D140AC16E11B84,); runOnlyForDeploymentPostprocessing = 0; };
		2AC7AB26953A78AD46B49603 = { isa = PBXResourcesBuildPhase; buildActionMask = 2147483647; files = (1BA346AE0839DEB3018F85E3, BB67327C2D9573C948C0ECEE, 901E56DE37C6B61C4C0C035C, 5EBB5DA84F8FE0A96CC7D6EA, 5ED36D0E0C2FC25832A345E8, 20F0E97A66869BEF1847A256, D287E2EB257AEF93CB6AA33D, D8020D6AF7F3D909E127F292, 96690225508432042E393391,); runOnlyForDeploymentPostprocessing = 0; };
		87AA925F24AC656A8AAB80A9 = { isa = PBXSourcesBuildPhase; buildActionMask = 2147483647; files = (909280FF7091056AF1A1CC9D,); runOnlyForDeploymentPostprocessing = 0; };
		D6C04E321AC1AC815067AD02 = { isa = PBXFrameworksBuildPhase; buildActionMask = 2147483647; files = (); runOnlyForDeploymentPostprocessing = 0; };
		2FD82F28117CA43F2CCC2350 = { isa = PBXResourcesBuildPhase; buildActionMask = 2147483647; files = (); runOnlyForDeploymentPostprocessing = 0; };
		3A77CD648711364E9A877D62 = { isa = XCBuildConfiguration; buildSettings = {IPHONEOS_DEPLOYMENT_TARGET = "18.0"; SWIFT_VERSION = "5.0"; CLANG_ENABLE_MODULES = "YES"; SDKROOT = "iphoneos"; SUPPORTED_PLATFORMS = "iphoneos iphonesimulator"; CODE_SIGN_STYLE = "Automatic"; TARGETED_DEVICE_FAMILY = "1"; GENERATE_INFOPLIST_FILE = "YES"; MARKETING_VERSION = "1.0"; CURRENT_PROJECT_VERSION = "1"; LD_RUNPATH_SEARCH_PATHS = "$(inherited) @executable_path/Frameworks"; PRODUCT_BUNDLE_IDENTIFIER = "com.sh1vendra.PlayScript"; PRODUCT_NAME = "$(TARGET_NAME)"; INFOPLIST_KEY_CFBundleDisplayName = "PlayScript"; INFOPLIST_KEY_LSApplicationCategoryType = "public.app-category.books"; INFOPLIST_KEY_UILaunchScreen_Generation = "YES"; INFOPLIST_KEY_UISupportedInterfaceOrientations = "UIInterfaceOrientationPortrait"; INFOPLIST_KEY_UIApplicationSceneManifest_Generation = "YES"; INFOPLIST_KEY_UIStatusBarStyle = "UIStatusBarStyleDefault"; ASSETCATALOG_COMPILER_GLOBAL_ACCENT_COLOR_NAME = "AccentColor"; ASSETCATALOG_COMPILER_APPICON_NAME = "AppIcon"; SUPPORTS_MACCATALYST = "NO"; SUPPORTS_XR_DESIGNED_FOR_IPHONE_IPAD = "NO"; SWIFT_OPTIMIZATION_LEVEL = "-Onone"; DEBUG_INFORMATION_FORMAT = "dwarf"; ONLY_ACTIVE_ARCH = "YES"; SWIFT_ACTIVE_COMPILATION_CONDITIONS = "DEBUG $(inherited)"; ENABLE_TESTABILITY = "YES";}; name = Debug; };
		066776A1C212750E8BE506A2 = { isa = XCBuildConfiguration; buildSettings = {IPHONEOS_DEPLOYMENT_TARGET = "18.0"; SWIFT_VERSION = "5.0"; CLANG_ENABLE_MODULES = "YES"; SDKROOT = "iphoneos"; SUPPORTED_PLATFORMS = "iphoneos iphonesimulator"; CODE_SIGN_STYLE = "Automatic"; TARGETED_DEVICE_FAMILY = "1"; GENERATE_INFOPLIST_FILE = "YES"; MARKETING_VERSION = "1.0"; CURRENT_PROJECT_VERSION = "1"; LD_RUNPATH_SEARCH_PATHS = "$(inherited) @executable_path/Frameworks"; PRODUCT_BUNDLE_IDENTIFIER = "com.sh1vendra.PlayScript"; PRODUCT_NAME = "$(TARGET_NAME)"; INFOPLIST_KEY_CFBundleDisplayName = "PlayScript"; INFOPLIST_KEY_LSApplicationCategoryType = "public.app-category.books"; INFOPLIST_KEY_UILaunchScreen_Generation = "YES"; INFOPLIST_KEY_UISupportedInterfaceOrientations = "UIInterfaceOrientationPortrait"; INFOPLIST_KEY_UIApplicationSceneManifest_Generation = "YES"; INFOPLIST_KEY_UIStatusBarStyle = "UIStatusBarStyleDefault"; ASSETCATALOG_COMPILER_GLOBAL_ACCENT_COLOR_NAME = "AccentColor"; ASSETCATALOG_COMPILER_APPICON_NAME = "AppIcon"; SUPPORTS_MACCATALYST = "NO"; SUPPORTS_XR_DESIGNED_FOR_IPHONE_IPAD = "NO"; SWIFT_OPTIMIZATION_LEVEL = "-O"; DEBUG_INFORMATION_FORMAT = "dwarf-with-dsym"; ONLY_ACTIVE_ARCH = "NO";}; name = Release; };
		B5E4F9F7C53A9A6AF99DBCE3 = { isa = XCConfigurationList; buildConfigurations = (3A77CD648711364E9A877D62, 066776A1C212750E8BE506A2,); defaultConfigurationIsVisible = 0; defaultConfigurationName = Release; };
		34BE6D4215B8B1C254345416 = { isa = XCBuildConfiguration; buildSettings = {IPHONEOS_DEPLOYMENT_TARGET = "18.0"; SWIFT_VERSION = "5.0"; CLANG_ENABLE_MODULES = "YES"; SDKROOT = "iphoneos"; SUPPORTED_PLATFORMS = "iphoneos iphonesimulator"; CODE_SIGN_STYLE = "Automatic"; TARGETED_DEVICE_FAMILY = "1"; GENERATE_INFOPLIST_FILE = "YES"; MARKETING_VERSION = "1.0"; CURRENT_PROJECT_VERSION = "1"; LD_RUNPATH_SEARCH_PATHS = "$(inherited) @executable_path/Frameworks"; PRODUCT_BUNDLE_IDENTIFIER = "com.sh1vendra.PlayScriptUITests"; PRODUCT_NAME = "$(TARGET_NAME)"; TEST_TARGET_NAME = "PlayScript"; SWIFT_OPTIMIZATION_LEVEL = "-Onone"; DEBUG_INFORMATION_FORMAT = "dwarf"; ONLY_ACTIVE_ARCH = "YES"; SWIFT_ACTIVE_COMPILATION_CONDITIONS = "DEBUG $(inherited)"; ENABLE_TESTABILITY = "YES";}; name = Debug; };
		FADCA9E4220DCCB4910052B3 = { isa = XCBuildConfiguration; buildSettings = {IPHONEOS_DEPLOYMENT_TARGET = "18.0"; SWIFT_VERSION = "5.0"; CLANG_ENABLE_MODULES = "YES"; SDKROOT = "iphoneos"; SUPPORTED_PLATFORMS = "iphoneos iphonesimulator"; CODE_SIGN_STYLE = "Automatic"; TARGETED_DEVICE_FAMILY = "1"; GENERATE_INFOPLIST_FILE = "YES"; MARKETING_VERSION = "1.0"; CURRENT_PROJECT_VERSION = "1"; LD_RUNPATH_SEARCH_PATHS = "$(inherited) @executable_path/Frameworks"; PRODUCT_BUNDLE_IDENTIFIER = "com.sh1vendra.PlayScriptUITests"; PRODUCT_NAME = "$(TARGET_NAME)"; TEST_TARGET_NAME = "PlayScript"; SWIFT_OPTIMIZATION_LEVEL = "-O"; DEBUG_INFORMATION_FORMAT = "dwarf-with-dsym"; ONLY_ACTIVE_ARCH = "NO";}; name = Release; };
		FF22B4F29851F2D7C0C485AF = { isa = XCConfigurationList; buildConfigurations = (34BE6D4215B8B1C254345416, FADCA9E4220DCCB4910052B3,); defaultConfigurationIsVisible = 0; defaultConfigurationName = Release; };
		BFD315016DE16320F7E2120C = { isa = XCBuildConfiguration; buildSettings = {CLANG_ENABLE_MODULES = "YES"; SWIFT_VERSION = "5.0"; IPHONEOS_DEPLOYMENT_TARGET = "18.0"; SWIFT_OPTIMIZATION_LEVEL = "-Onone"; DEBUG_INFORMATION_FORMAT = "dwarf"; ONLY_ACTIVE_ARCH = "YES"; SWIFT_ACTIVE_COMPILATION_CONDITIONS = "DEBUG $(inherited)"; ENABLE_TESTABILITY = "YES";}; name = Debug; };
		1D8C0C6B1D22EA8C7669B263 = { isa = XCBuildConfiguration; buildSettings = {CLANG_ENABLE_MODULES = "YES"; SWIFT_VERSION = "5.0"; IPHONEOS_DEPLOYMENT_TARGET = "18.0"; SWIFT_OPTIMIZATION_LEVEL = "-O"; DEBUG_INFORMATION_FORMAT = "dwarf-with-dsym"; ONLY_ACTIVE_ARCH = "NO";}; name = Release; };
		5D7731714D3E69D68AA8D7ED = { isa = XCConfigurationList; buildConfigurations = (BFD315016DE16320F7E2120C, 1D8C0C6B1D22EA8C7669B263,); defaultConfigurationIsVisible = 0; defaultConfigurationName = Release; };
		0352A6A2FCE048894C87B37E = { isa = PBXNativeTarget; buildConfigurationList = B5E4F9F7C53A9A6AF99DBCE3; buildPhases = (6805EC6AFDAFDBE18E2FF355, 0F91A57B11B30F1A7980649D, 2AC7AB26953A78AD46B49603,); buildRules = (); dependencies = (); name = PlayScript; packageProductDependencies = (EA281641D145F2D9F91A3FA8,); productName = PlayScript; productReference = C2B6AF95E5FB6AF04547C8EA; productType = "com.apple.product-type.application"; };
		EF0794AFBCEA11C45624C999 = { isa = PBXContainerItemProxy; containerPortal = F6F4DA8D93E88A08220E03B7; proxyType = 1; remoteGlobalIDString = 0352A6A2FCE048894C87B37E; remoteInfo = PlayScript; };
		6B80F10AB86E724D72721556 = { isa = PBXTargetDependency; target = 0352A6A2FCE048894C87B37E; targetProxy = EF0794AFBCEA11C45624C999; };
		C24B2138018A654E3D8BE775 = { isa = PBXNativeTarget; buildConfigurationList = FF22B4F29851F2D7C0C485AF; buildPhases = (87AA925F24AC656A8AAB80A9, D6C04E321AC1AC815067AD02, 2FD82F28117CA43F2CCC2350,); buildRules = (); dependencies = (6B80F10AB86E724D72721556,); name = PlayScriptUITests; productName = PlayScriptUITests; productReference = 77EB3AD38D803EC3C3DF9309; productType = "com.apple.product-type.bundle.ui-testing"; };
		F6F4DA8D93E88A08220E03B7 = { isa = PBXProject; attributes = { BuildIndependentTargetsInParallel = YES; LastUpgradeCheck = 1600; TargetAttributes = { 0352A6A2FCE048894C87B37E = {CreatedOnToolsVersion = 16.0;}; C24B2138018A654E3D8BE775 = {CreatedOnToolsVersion = 16.0; TestTargetID = 0352A6A2FCE048894C87B37E;}; }; }; buildConfigurationList = 5D7731714D3E69D68AA8D7ED; compatibilityVersion = "Xcode 14.0"; developmentRegion = en; hasScannedForEncodings = 0; knownRegions = (en, Base); mainGroup = 2EB2D8158FC6EF9EB19CB439; productRefGroup = FE0A091FDBFB3E9C31B7A1BD; projectDirPath = ""; projectRoot = ""; packageReferences = (EEFA2ADC05792F5C1C1A6481,); targets = (0352A6A2FCE048894C87B37E, C24B2138018A654E3D8BE775,); };
	};
	rootObject = F6F4DA8D93E88A08220E03B7;
}
