// !$*UTF8*$!
{
	archiveVersion = 1;
	classes = {};
	objectVersion = 56;
	objects = {
		F829721F430E754710938C71 = { isa = PBXFileReference; lastKnownFileType = sourcecode.swift; path = "PlayScript/App/PlayScriptApp.swift"; sourceTree = SOURCE_ROOT; };
		A4CEC3E27CF2E2184D91AF6A = { isa = PBXBuildFile; fileRef = F829721F430E754710938C71; };
		CCF4D86A61BEE64191A541E4 = { isa = PBXFileReference; lastKnownFileType = sourcecode.swift; path = "PlayScript/App/ReadingModel.swift"; sourceTree = SOURCE_ROOT; };
		5E67D94144A5562035B00DD4 = { isa = PBXBuildFile; fileRef = CCF4D86A61BEE64191A541E4; };
		2C5014D35F8F8F85DBC382A6 = { isa = PBXFileReference; lastKnownFileType = sourcecode.swift; path = "PlayScript/Audio/NarrationPlayer.swift"; sourceTree = SOURCE_ROOT; };
		45A4BB673ECE4E20E9C2564A = { isa = PBXBuildFile; fileRef = 2C5014D35F8F8F85DBC382A6; };
		1D10028ABE40A114F1FF73A7 = { isa = PBXFileReference; lastKnownFileType = sourcecode.swift; path = "PlayScript/Audio/Soundscape.swift"; sourceTree = SOURCE_ROOT; };
		3A0B9E213F6BD999A6161FA8 = { isa = PBXBuildFile; fileRef = 1D10028ABE40A114F1FF73A7; };
		F55795F591A0E5108C9929E5 = { isa = PBXFileReference; lastKnownFileType = sourcecode.swift; path = "PlayScript/Auth/AuthModel.swift"; sourceTree = SOURCE_ROOT; };
		45808286D2DD2FF4B7493EF9 = { isa = PBXBuildFile; fileRef = F55795F591A0E5108C9929E5; };
		3C94EE9D3D4F7776354C8953 = { isa = PBXFileReference; lastKnownFileType = sourcecode.swift; path = "PlayScript/Auth/AuthService.swift"; sourceTree = SOURCE_ROOT; };
		D3ECBE6706AFD5E6F8ECAF11 = { isa = PBXBuildFile; fileRef = 3C94EE9D3D4F7776354C8953; };
		97CBFCD76CF21B090F2E896C = { isa = PBXFileReference; lastKnownFileType = sourcecode.swift; path = "PlayScript/Design/BookTurnHost.swift"; sourceTree = SOURCE_ROOT; };
		8DD99468162A621E34399DDA = { isa = PBXBuildFile; fileRef = 97CBFCD76CF21B090F2E896C; };
		1A1A6A31B653A9371014D1F4 = { isa = PBXFileReference; lastKnownFileType = sourcecode.swift; path = "PlayScript/Design/LivingScene.swift"; sourceTree = SOURCE_ROOT; };
		5F31CD51A5A5971C01C4FEA3 = { isa = PBXBuildFile; fileRef = 1A1A6A31B653A9371014D1F4; };
		9953C787A934D572A391F26A = { isa = PBXFileReference; lastKnownFileType = sourcecode.swift; path = "PlayScript/Design/LottieLayer.swift"; sourceTree = SOURCE_ROOT; };
		D50E298F49673F8F7BB72AB4 = { isa = PBXBuildFile; fileRef = 9953C787A934D572A391F26A; };
		40B23BD0A671B20B60682972 = { isa = PBXFileReference; lastKnownFileType = sourcecode.swift; path = "PlayScript/Design/SpeakingCharacter.swift"; sourceTree = SOURCE_ROOT; };
		F302616DF03A9C9CCB23AFED = { isa = PBXBuildFile; fileRef = 40B23BD0A671B20B60682972; };
		7FA91B01DCD702BBB39B3657 = { isa = PBXFileReference; lastKnownFileType = sourcecode.swift; path = "PlayScript/Design/Theme.swift"; sourceTree = SOURCE_ROOT; };
		F27F394ECECFEDFB0F6D2AD5 = { isa = PBXBuildFile; fileRef = 7FA91B01DCD702BBB39B3657; };
		F672878755CE0AE3B9932084 = { isa = PBXFileReference; lastKnownFileType = sourcecode.swift; path = "PlayScript/Design/ThoughtArrival.swift"; sourceTree = SOURCE_ROOT; };
		E2C93032D40A44568423160F = { isa = PBXBuildFile; fileRef = F672878755CE0AE3B9932084; };
		D863A6C357A234AD022F2B4D = { isa = PBXFileReference; lastKnownFileType = sourcecode.swift; path = "PlayScript/Features/BookPlaceholder.swift"; sourceTree = SOURCE_ROOT; };
		F1F6344626A77ECC94F85CC1 = { isa = PBXBuildFile; fileRef = D863A6C357A234AD022F2B4D; };
		AE74AE7EA4DF35E7652808C8 = { isa = PBXFileReference; lastKnownFileType = sourcecode.swift; path = "PlayScript/Features/LibraryView.swift"; sourceTree = SOURCE_ROOT; };
		30054AF8610C0CB4C47A1BA4 = { isa = PBXBuildFile; fileRef = AE74AE7EA4DF35E7652808C8; };
		7BA0AB0A7E55D00B0D1B9A02 = { isa = PBXFileReference; lastKnownFileType = sourcecode.swift; path = "PlayScript/Features/LoginView.swift"; sourceTree = SOURCE_ROOT; };
		B98ADC7663AC383E79507E68 = { isa = PBXBuildFile; fileRef = 7BA0AB0A7E55D00B0D1B9A02; };
		012FCCEC16C173A1A35545FD = { isa = PBXFileReference; lastKnownFileType = sourcecode.swift; path = "PlayScript/Features/ReaderView.swift"; sourceTree = SOURCE_ROOT; };
		D947054FEA6A35A59F6D21BA = { isa = PBXBuildFile; fileRef = 012FCCEC16C173A1A35545FD; };
		7B62D553B58876FB68BC0C8A = { isa = PBXFileReference; lastKnownFileType = sourcecode.swift; path = "PlayScript/Features/RestartPrompt.swift"; sourceTree = SOURCE_ROOT; };
		40AF56D74AB0CE9510AC2249 = { isa = PBXBuildFile; fileRef = 7B62D553B58876FB68BC0C8A; };
		C6E07C4F075EA37A6E4DEB66 = { isa = PBXFileReference; lastKnownFileType = folder.assetcatalog; path = "PlayScript/Resources/Assets.xcassets"; sourceTree = SOURCE_ROOT; };
		1BA346AE0839DEB3018F85E3 = { isa = PBXBuildFile; fileRef = C6E07C4F075EA37A6E4DEB66; };
		C1CCB1E9CBA3DBE8502A9486 = { isa = PBXFileReference; lastKnownFileType = text.xml; path = "PlayScript/Resources/PrivacyInfo.xcprivacy"; sourceTree = SOURCE_ROOT; };
		BB67327C2D9573C948C0ECEE = { isa = PBXBuildFile; fileRef = C1CCB1E9CBA3DBE8502A9486; };
		0E0376F37B95BC2814493272 = { isa = PBXFileReference; lastKnownFileType = audio.wav; path = "PlayScript/Resources/Audio/choice.wav"; sourceTree = SOURCE_ROOT; };
		901E56DE37C6B61C4C0C035C = { isa = PBXBuildFile; fileRef = 0E0376F37B95BC2814493272; };
		98712C532DF623267AA387D0 = { isa = PBXFileReference; lastKnownFileType = audio.wav; path = "PlayScript/Resources/Audio/dawn.wav"; sourceTree = SOURCE_ROOT; };
		5EBB5DA84F8FE0A96CC7D6EA = { isa = PBXBuildFile; fileRef = 98712C532DF623267AA387D0; };
		079A9338F1959701610FC38B = { isa = PBXFileReference; lastKnownFileType = audio.wav; path = "PlayScript/Resources/Audio/grief.wav"; sourceTree = SOURCE_ROOT; };
		5ED36D0E0C2FC25832A345E8 = { isa = PBXBuildFile; fileRef = 079A9338F1959701610FC38B; };
		BB17855E03368CA4FCF9E121 = { isa = PBXFileReference; lastKnownFileType = audio.wav; path = "PlayScript/Resources/Audio/longing.wav"; sourceTree = SOURCE_ROOT; };
		20F0E97A66869BEF1847A256 = { isa = PBXBuildFile; fileRef = BB17855E03368CA4FCF9E121; };
		5326B5D4123C8E868B9D21DC = { isa = PBXFileReference; lastKnownFileType = audio.wav; path = "PlayScript/Resources/Audio/tender.wav"; sourceTree = SOURCE_ROOT; };
		D287E2EB257AEF93CB6AA33D = { isa = PBXBuildFile; fileRef = 5326B5D4123C8E868B9D21DC; };
		59D6AF099D7B59E319234C0F = { isa = PBXFileReference; lastKnownFileType = audio.wav; path = "PlayScript/Resources/Audio/turn.wav"; sourceTree = SOURCE_ROOT; };
		D8020D6AF7F3D909E127F292 = { isa = PBXBuildFile; fileRef = 59D6AF099D7B59E319234C0F; };
		33DC25CD729066F1041D52EF = { isa = PBXFileReference; lastKnownFileType = audio.wav; path = "PlayScript/Resources/Audio/uneasy.wav"; sourceTree = SOURCE_ROOT; };
		96690225508432042E393391 = { isa = PBXBuildFile; fileRef = 33DC25CD729066F1041D52EF; };
		C631E48DEAB99C3DC6A09E75 = { isa = PBXFileReference; lastKnownFileType = text.json; path = "PlayScript/Resources/Narration/cast-enough-time.json"; sourceTree = SOURCE_ROOT; };
		42D26A9FC81BA639FA252916 = { isa = PBXBuildFile; fileRef = C631E48DEAB99C3DC6A09E75; };
		95E53ADCEFB130A4A152756D = { isa = PBXFileReference; lastKnownFileType = text.json; path = "PlayScript/Resources/Narration/cast-friar.json"; sourceTree = SOURCE_ROOT; };
		605BA9E3B4E2B6135CF46D43 = { isa = PBXBuildFile; fileRef = 95E53ADCEFB130A4A152756D; };
		13DA363191FDBE31BD0FB5D8 = { isa = PBXFileReference; lastKnownFileType = text.json; path = "PlayScript/Resources/Narration/cast-in-time.json"; sourceTree = SOURCE_ROOT; };
		3DB120FA1C3443F6F620885B = { isa = PBXBuildFile; fileRef = 13DA363191FDBE31BD0FB5D8; };
		F09EBB1B9A4A5CD802B1072A = { isa = PBXFileReference; lastKnownFileType = text.json; path = "PlayScript/Resources/Narration/cast-last-kiss.json"; sourceTree = SOURCE_ROOT; };
		A09C58587825157F9DB8D9BB = { isa = PBXBuildFile; fileRef = F09EBB1B9A4A5CD802B1072A; };
		A11B18987F4375F970A293FC = { isa = PBXFileReference; lastKnownFileType = text.json; path = "PlayScript/Resources/Narration/cast-letter-lost.json"; sourceTree = SOURCE_ROOT; };
		0631D9F45F5EB8F1139BF25C = { isa = PBXBuildFile; fileRef = A11B18987F4375F970A293FC; };
		7C1B16B4A034204B8CC77E5C = { isa = PBXFileReference; lastKnownFileType = text.json; path = "PlayScript/Resources/Narration/cast-morning.json"; sourceTree = SOURCE_ROOT; };
		A093375FA6BA23E52236E3C5 = { isa = PBXBuildFile; fileRef = 7C1B16B4A034204B8CC77E5C; };
		1F06E1FD95591C1EE1397F22 = { isa = PBXFileReference; lastKnownFileType = text.json; path = "PlayScript/Resources/Narration/cast-names.json"; sourceTree = SOURCE_ROOT; };
		6750CC20E212BFEB75E81532 = { isa = PBXBuildFile; fileRef = 1F06E1FD95591C1EE1397F22; };
		077E5EF2A8F0B038136ABBD0 = { isa = PBXFileReference; lastKnownFileType = text.json; path = "PlayScript/Resources/Narration/cast-plan.json"; sourceTree = SOURCE_ROOT; };
		D45712A54B531566AE935A1B = { isa = PBXBuildFile; fileRef = 077E5EF2A8F0B038136ABBD0; };
		C351BA475E148027AC714177 = { isa = PBXFileReference; lastKnownFileType = text.json; path = "PlayScript/Resources/Narration/cast-potion-choice--afraid.json"; sourceTree = SOURCE_ROOT; };
		1AFDC8B8A934DD05BB8AA15E = { isa = PBXBuildFile; fileRef = C351BA475E148027AC714177; };
		5AEE363B93995F999BFD6511 = { isa = PBXFileReference; lastKnownFileType = text.json; path = "PlayScript/Resources/Narration/cast-potion-choice--resolve.json"; sourceTree = SOURCE_ROOT; };
		6ACAF3B8FFAA04379E50C5BB = { isa = PBXBuildFile; fileRef = 5AEE363B93995F999BFD6511; };
		394BEDD44A80AABA4C979910 = { isa = PBXFileReference; lastKnownFileType = text.json; path = "PlayScript/Resources/Narration/cast-potion-choice.json"; sourceTree = SOURCE_ROOT; };
		94C8F1B8A110779C85BC046B = { isa = PBXBuildFile; fileRef = 394BEDD44A80AABA4C979910; };
		9AA749FF115CA95D2A302353 = { isa = PBXFileReference; lastKnownFileType = text.json; path = "PlayScript/Resources/Narration/cast-reflection.json"; sourceTree = SOURCE_ROOT; };
		168EDDD3F6D6010721D9F9BA = { isa = PBXBuildFile; fileRef = 9AA749FF115CA95D2A302353; };
		2931E53E8D07585449D10064 = { isa = PBXFileReference; lastKnownFileType = text.json; path = "PlayScript/Resources/Narration/cast-ride.json"; sourceTree = SOURCE_ROOT; };
		2415A3AA0F108CD99B8AA79B = { isa = PBXBuildFile; fileRef = 2931E53E8D07585449D10064; };
		A3505ABAB6577089FE4278DF = { isa = PBXFileReference; lastKnownFileType = text.json; path = "PlayScript/Resources/Narration/cast-road.json"; sourceTree = SOURCE_ROOT; };
		FE1F710D6ADCE645223FCEA7 = { isa = PBXBuildFile; fileRef = A3505ABAB6577089FE4278DF; };
		B09D445BF9332060C33F4F8C = { isa = PBXFileReference; lastKnownFileType = text.json; path = "PlayScript/Resources/Narration/cast-sleep.json"; sourceTree = SOURCE_ROOT; };
		CB8E4E52C886614E53E162C9 = { isa = PBXBuildFile; fileRef = B09D445BF9332060C33F4F8C; };
		7C0FEE12E34307A0398BBB29 = { isa = PBXFileReference; lastKnownFileType = text.json; path = "PlayScript/Resources/Narration/cast-vow-choice--certain.json"; sourceTree = SOURCE_ROOT; };
		284C41A0814C8CE9711C1532 = { isa = PBXBuildFile; fileRef = 7C0FEE12E34307A0398BBB29; };
		8D204927BEF68B1A438C293D = { isa = PBXFileReference; lastKnownFileType = text.json; path = "PlayScript/Resources/Narration/cast-vow-choice--sure.json"; sourceTree = SOURCE_ROOT; };
		F25844921E45BAFF5875226F = { isa = PBXBuildFile; fileRef = 8D204927BEF68B1A438C293D; };
		38BCBDCEF4878D1FDA4E4248 = { isa = PBXFileReference; lastKnownFileType = text.json; path = "PlayScript/Resources/Narration/cast-vow-choice.json"; sourceTree = SOURCE_ROOT; };
		F95D1E92A2BDFF11385DA2E1 = { isa = PBXBuildFile; fileRef = 38BCBDCEF4878D1FDA4E4248; };
		5F34C49E0C273E1A86B65F13 = { isa = PBXFileReference; lastKnownFileType = text.json; path = "PlayScript/Resources/Narration/cast-vow.json"; sourceTree = SOURCE_ROOT; };
		9965FBECEB4E315CDAAB1420 = { isa = PBXBuildFile; fileRef = 5F34C49E0C273E1A86B65F13; };
		60924D44BFFA3F7972E5E96D = { isa = PBXFileReference; lastKnownFileType = text.json; path = "PlayScript/Resources/Narration/cast-wake.json"; sourceTree = SOURCE_ROOT; };
		F574FB9A5B5613F71619D572 = { isa = PBXBuildFile; fileRef = 60924D44BFFA3F7972E5E96D; };
		97468E71807164E2B92A01CF = { isa = PBXFileReference; lastKnownFileType = text.json; path = "PlayScript/Resources/Narration/cast-what-if.json"; sourceTree = SOURCE_ROOT; };
		4958AE85AB7A3F9118131683 = { isa = PBXBuildFile; fileRef = 97468E71807164E2B92A01CF; };
		7EF9721AF478F92945BFAA88 = { isa = PBXFileReference; lastKnownFileType = text.json; path = "PlayScript/Resources/Narration/cast-window-choice--answer.json"; sourceTree = SOURCE_ROOT; };
		97D20A6A78D778A11963D5F9 = { isa = PBXBuildFile; fileRef = 7EF9721AF478F92945BFAA88; };
		8AA733E1D8012B592DD8B1CF = { isa = PBXFileReference; lastKnownFileType = text.json; path = "PlayScript/Resources/Narration/cast-window-choice--listen.json"; sourceTree = SOURCE_ROOT; };
		82E56BF02F23944575E2C92A = { isa = PBXBuildFile; fileRef = 8AA733E1D8012B592DD8B1CF; };
		1036C37F0F4C0A2C33F0738D = { isa = PBXFileReference; lastKnownFileType = text.json; path = "PlayScript/Resources/Narration/cast-window-choice.json"; sourceTree = SOURCE_ROOT; };
		1932BCD41439A4C9DE080671 = { isa = PBXBuildFile; fileRef = 1036C37F0F4C0A2C33F0738D; };
		1784AA738B0EA76BD885E27B = { isa = PBXFileReference; lastKnownFileType = text.json; path = "PlayScript/Resources/Narration/cast-window.json"; sourceTree = SOURCE_ROOT; };
		ACBB6FD83BB89B29D96E5A67 = { isa = PBXBuildFile; fileRef = 1784AA738B0EA76BD885E27B; };
		76020CEDEB6A8949FEE3F1EC = { isa = PBXFileReference; lastKnownFileType = audio.mp3; path = "PlayScript/Resources/Narration/voice-enough-time-part-00.mp3"; sourceTree = SOURCE_ROOT; };
		3CE0FED3B4DC730C123E34A7 = { isa = PBXBuildFile; fileRef = 76020CEDEB6A8949FEE3F1EC; };
		5BE7836D6A0E0B49320E1E70 = { isa = PBXFileReference; lastKnownFileType = audio.mp3; path = "PlayScript/Resources/Narration/voice-friar-part-00.mp3"; sourceTree = SOURCE_ROOT; };
		B94B9B7266C4A2E52CFBC4BD = { isa = PBXBuildFile; fileRef = 5BE7836D6A0E0B49320E1E70; };
		404F5479863FE93944341F3A = { isa = PBXFileReference; lastKnownFileType = audio.mp3; path = "PlayScript/Resources/Narration/voice-in-time-part-00.mp3"; sourceTree = SOURCE_ROOT; };
		01CED31E9A055C0EF9AF255E = { isa = PBXBuildFile; fileRef = 404F5479863FE93944341F3A; };
		980C7BC25E1AF914E93B2B13 = { isa = PBXFileReference; lastKnownFileType = audio.mp3; path = "PlayScript/Resources/Narration/voice-in-time-part-01.mp3"; sourceTree = SOURCE_ROOT; };
		6ADE42C92765F4610D4A1CA3 = { isa = PBXBuildFile; fileRef = 980C7BC25E1AF914E93B2B13; };
		21D91E89CE1C9E01A96D6131 = { isa = PBXFileReference; lastKnownFileType = audio.mp3; path = "PlayScript/Resources/Narration/voice-in-time-part-02.mp3"; sourceTree = SOURCE_ROOT; };
		BE4E64278F68FB2D0F5BFF01 = { isa = PBXBuildFile; fileRef = 21D91E89CE1C9E01A96D6131; };
		300825E92AC4202475075E79 = { isa = PBXFileReference; lastKnownFileType = audio.mp3; path = "PlayScript/Resources/Narration/voice-in-time-part-03.mp3"; sourceTree = SOURCE_ROOT; };
		99A323349F1EE6D3F4B94900 = { isa = PBXBuildFile; fileRef = 300825E92AC4202475075E79; };
		A1790957161664982E0A42F8 = { isa = PBXFileReference; lastKnownFileType = audio.mp3; path = "PlayScript/Resources/Narration/voice-in-time-part-04.mp3"; sourceTree = SOURCE_ROOT; };
		5CDB550269694002EF41A396 = { isa = PBXBuildFile; fileRef = A1790957161664982E0A42F8; };
		A538D038CB7CB77B77D3EDD9 = { isa = PBXFileReference; lastKnownFileType = audio.mp3; path = "PlayScript/Resources/Narration/voice-last-kiss-part-00.mp3"; sourceTree = SOURCE_ROOT; };
		F67C4AE30C085EA5C86A5241 = { isa = PBXBuildFile; fileRef = A538D038CB7CB77B77D3EDD9; };
		9B5713F34F5A4EB161B128A8 = { isa = PBXFileReference; lastKnownFileType = audio.mp3; path = "PlayScript/Resources/Narration/voice-letter-lost-part-00.mp3"; sourceTree = SOURCE_ROOT; };
		2634809D92A053A2AF879BCB = { isa = PBXBuildFile; fileRef = 9B5713F34F5A4EB161B128A8; };
		ADF25FD1F8CF54CCFFFBDF90 = { isa = PBXFileReference; lastKnownFileType = audio.mp3; path = "PlayScript/Resources/Narration/voice-morning-part-00.mp3"; sourceTree = SOURCE_ROOT; };
		C3751F321BF8F751F10F813B = { isa = PBXBuildFile; fileRef = ADF25FD1F8CF54CCFFFBDF90; };
		60CDA624231A979B8154403D = { isa = PBXFileReference; lastKnownFileType = audio.mp3; path = "PlayScript/Resources/Narration/voice-names-part-00.mp3"; sourceTree = SOURCE_ROOT; };
		A6750ABFA215C8E0DC96159D = { isa = PBXBuildFile; fileRef = 60CDA624231A979B8154403D; };
		8BA0D27E95F0F9ED98CAA7B0 = { isa = PBXFileReference; lastKnownFileType = audio.mp3; path = "PlayScript/Resources/Narration/voice-plan-part-00.mp3"; sourceTree = SOURCE_ROOT; };
		184737A08D44827706D4C3D6 = { isa = PBXBuildFile; fileRef = 8BA0D27E95F0F9ED98CAA7B0; };
		355F4EC1BB9A950B44B26986 = { isa = PBXFileReference; lastKnownFileType = audio.mp3; path = "PlayScript/Resources/Narration/voice-potion-choice--afraid-part-00.mp3"; sourceTree = SOURCE_ROOT; };
		D2F27C2B0DB18CF8C2480039 = { isa = PBXBuildFile; fileRef = 355F4EC1BB9A950B44B26986; };
		EE54736F3E7422571EC616C9 = { isa = PBXFileReference; lastKnownFileType = audio.mp3; path = "PlayScript/Resources/Narration/voice-potion-choice--afraid-part-01.mp3"; sourceTree = SOURCE_ROOT; };
		E12535B9601F556B77832A6A = { isa = PBXBuildFile; fileRef = EE54736F3E7422571EC616C9; };
		FD989AA76DB8EAA7058EDFDC = { isa = PBXFileReference; lastKnownFileType = audio.mp3; path = "PlayScript/Resources/Narration/voice-potion-choice--afraid-part-02.mp3"; sourceTree = SOURCE_ROOT; };
		3F5E3EB25F4AC0492E7D0C60 = { isa = PBXBuildFile; fileRef = FD989AA76DB8EAA7058EDFDC; };
		AFF78B7B1BC1658EA47DE16A = { isa = PBXFileReference; lastKnownFileType = audio.mp3; path = "PlayScript/Resources/Narration/voice-potion-choice--resolve-part-00.mp3"; sourceTree = SOURCE_ROOT; };
		B73245AFE21A6D62082F458D = { isa = PBXBuildFile; fileRef = AFF78B7B1BC1658EA47DE16A; };
		ABD10B88F4B0CF3C0E0B921C = { isa = PBXFileReference; lastKnownFileType = audio.mp3; path = "PlayScript/Resources/Narration/voice-potion-choice--resolve-part-01.mp3"; sourceTree = SOURCE_ROOT; };
		A2BDF112C95D219C0FC8FD84 = { isa = PBXBuildFile; fileRef = ABD10B88F4B0CF3C0E0B921C; };
		964762F73D715CD2E7E89461 = { isa = PBXFileReference; lastKnownFileType = audio.mp3; path = "PlayScript/Resources/Narration/voice-potion-choice--resolve-part-02.mp3"; sourceTree = SOURCE_ROOT; };
		E63312CCE779E163E4C973F2 = { isa = PBXBuildFile; fileRef = 964762F73D715CD2E7E89461; };
		89FFB1BDF7F36CAA5646CD1A = { isa = PBXFileReference; lastKnownFileType = audio.mp3; path = "PlayScript/Resources/Narration/voice-potion-choice-part-00.mp3"; sourceTree = SOURCE_ROOT; };
		6277A01FA4203F2FB03A38B8 = { isa = PBXBuildFile; fileRef = 89FFB1BDF7F36CAA5646CD1A; };
		F4D0B1AF77CDC0D5BAC7527A = { isa = PBXFileReference; lastKnownFileType = audio.mp3; path = "PlayScript/Resources/Narration/voice-reflection-part-00.mp3"; sourceTree = SOURCE_ROOT; };
		008005228BB7D20F1CBD442F = { isa = PBXBuildFile; fileRef = F4D0B1AF77CDC0D5BAC7527A; };
		E910F7C95A2CFF3C554F3480 = { isa = PBXFileReference; lastKnownFileType = audio.mp3; path = "PlayScript/Resources/Narration/voice-ride-part-00.mp3"; sourceTree = SOURCE_ROOT; };
		22FD6F818D00D27931BFFA28 = { isa = PBXBuildFile; fileRef = E910F7C95A2CFF3C554F3480; };
		B31A06505DFD095939070C08 = { isa = PBXFileReference; lastKnownFileType = audio.mp3; path = "PlayScript/Resources/Narration/voice-road-part-00.mp3"; sourceTree = SOURCE_ROOT; };
		EBF9E4EBD69C19F7A8F19587 = { isa = PBXBuildFile; fileRef = B31A06505DFD095939070C08; };
		FA1A628078123343592FCE1E = { isa = PBXFileReference; lastKnownFileType = audio.mp3; path = "PlayScript/Resources/Narration/voice-sleep-part-00.mp3"; sourceTree = SOURCE_ROOT; };
		7541F9C5624A96EB146E12DE = { isa = PBXBuildFile; fileRef = FA1A628078123343592FCE1E; };
		B747C8713A691E4FF26D3A55 = { isa = PBXFileReference; lastKnownFileType = audio.mp3; path = "PlayScript/Resources/Narration/voice-vow-choice--certain-part-00.mp3"; sourceTree = SOURCE_ROOT; };
		AA59167F9550DA66C7397E0B = { isa = PBXBuildFile; fileRef = B747C8713A691E4FF26D3A55; };
		B9BD5ECE9B97481CF463B228 = { isa = PBXFileReference; lastKnownFileType = audio.mp3; path = "PlayScript/Resources/Narration/voice-vow-choice--certain-part-01.mp3"; sourceTree = SOURCE_ROOT; };
		ACBDD5005422F14DD0A87D2D = { isa = PBXBuildFile; fileRef = B9BD5ECE9B97481CF463B228; };
		DCC1720C5877155F58DEA78D = { isa = PBXFileReference; lastKnownFileType = audio.mp3; path = "PlayScript/Resources/Narration/voice-vow-choice--sure-part-00.mp3"; sourceTree = SOURCE_ROOT; };
		67A71F39EE54749E0D9B1732 = { isa = PBXBuildFile; fileRef = DCC1720C5877155F58DEA78D; };
		789C29E0BE9F0E6BC0BF8DDC = { isa = PBXFileReference; lastKnownFileType = audio.mp3; path = "PlayScript/Resources/Narration/voice-vow-choice--sure-part-01.mp3"; sourceTree = SOURCE_ROOT; };
		53B696A81CDB90B7928C64FB = { isa = PBXBuildFile; fileRef = 789C29E0BE9F0E6BC0BF8DDC; };
		692F45A59E8A608B19B4B060 = { isa = PBXFileReference; lastKnownFileType = audio.mp3; path = "PlayScript/Resources/Narration/voice-vow-choice--sure-part-02.mp3"; sourceTree = SOURCE_ROOT; };
		102A5737C8F49FC205900386 = { isa = PBXBuildFile; fileRef = 692F45A59E8A608B19B4B060; };
		6B2FFE1E16274E1DDF4C6CD7 = { isa = PBXFileReference; lastKnownFileType = audio.mp3; path = "PlayScript/Resources/Narration/voice-vow-choice--sure-part-03.mp3"; sourceTree = SOURCE_ROOT; };
		75FE8B7899140E02A7AE00CE = { isa = PBXBuildFile; fileRef = 6B2FFE1E16274E1DDF4C6CD7; };
		C26AE9C3AD10F48E16F2DB66 = { isa = PBXFileReference; lastKnownFileType = audio.mp3; path = "PlayScript/Resources/Narration/voice-vow-choice-part-00.mp3"; sourceTree = SOURCE_ROOT; };
		F286F79A542B6957FB74E127 = { isa = PBXBuildFile; fileRef = C26AE9C3AD10F48E16F2DB66; };
		2FFB828FA80F9D092EDEDD6B = { isa = PBXFileReference; lastKnownFileType = audio.mp3; path = "PlayScript/Resources/Narration/voice-vow-part-00.mp3"; sourceTree = SOURCE_ROOT; };
		9F062DE7892D2DF6815DAAB5 = { isa = PBXBuildFile; fileRef = 2FFB828FA80F9D092EDEDD6B; };
		DFBDC6B0903E52AD6EF7C710 = { isa = PBXFileReference; lastKnownFileType = audio.mp3; path = "PlayScript/Resources/Narration/voice-vow-part-01.mp3"; sourceTree = SOURCE_ROOT; };
		055E52555C2EFF113FCEDF35 = { isa = PBXBuildFile; fileRef = DFBDC6B0903E52AD6EF7C710; };
		490975ADC5014D94CEDB57C9 = { isa = PBXFileReference; lastKnownFileType = audio.mp3; path = "PlayScript/Resources/Narration/voice-vow-part-02.mp3"; sourceTree = SOURCE_ROOT; };
		B399520DF52040B83F5A0B38 = { isa = PBXBuildFile; fileRef = 490975ADC5014D94CEDB57C9; };
		3F4C91CCAA5FB831F2DE33A5 = { isa = PBXFileReference; lastKnownFileType = audio.mp3; path = "PlayScript/Resources/Narration/voice-wake-part-00.mp3"; sourceTree = SOURCE_ROOT; };
		C376BDD0D47536CC02EEBC97 = { isa = PBXBuildFile; fileRef = 3F4C91CCAA5FB831F2DE33A5; };
		B0F381EAB3997BC68760F502 = { isa = PBXFileReference; lastKnownFileType = audio.mp3; path = "PlayScript/Resources/Narration/voice-what-if-part-00.mp3"; sourceTree = SOURCE_ROOT; };
		AE031AD251BD8CAF8F8C053D = { isa = PBXBuildFile; fileRef = B0F381EAB3997BC68760F502; };
		AA2172A10CCF72C31A75F536 = { isa = PBXFileReference; lastKnownFileType = audio.mp3; path = "PlayScript/Resources/Narration/voice-window-choice--answer-part-00.mp3"; sourceTree = SOURCE_ROOT; };
		4BDBA83B156B05FA0950A8D3 = { isa = PBXBuildFile; fileRef = AA2172A10CCF72C31A75F536; };
		95ADECD49378841410E919FC = { isa = PBXFileReference; lastKnownFileType = audio.mp3; path = "PlayScript/Resources/Narration/voice-window-choice--answer-part-01.mp3"; sourceTree = SOURCE_ROOT; };
		58AA1A49CF2AD135E24CB216 = { isa = PBXBuildFile; fileRef = 95ADECD49378841410E919FC; };
		27B0175979D29F8836CD8403 = { isa = PBXFileReference; lastKnownFileType = audio.mp3; path = "PlayScript/Resources/Narration/voice-window-choice--answer-part-02.mp3"; sourceTree = SOURCE_ROOT; };
		FBD18E52F5FEF515610B72ED = { isa = PBXBuildFile; fileRef = 27B0175979D29F8836CD8403; };
		76640F8A87EC591CE1F2DF53 = { isa = PBXFileReference; lastKnownFileType = audio.mp3; path = "PlayScript/Resources/Narration/voice-window-choice--listen-part-00.mp3"; sourceTree = SOURCE_ROOT; };
		FAADE1462F0CE9535269FCE4 = { isa = PBXBuildFile; fileRef = 76640F8A87EC591CE1F2DF53; };
		613AC2607103A1B1DEEB2630 = { isa = PBXFileReference; lastKnownFileType = audio.mp3; path = "PlayScript/Resources/Narration/voice-window-choice--listen-part-01.mp3"; sourceTree = SOURCE_ROOT; };
		91C3AF8847316DACC845389D = { isa = PBXBuildFile; fileRef = 613AC2607103A1B1DEEB2630; };
		9145782926750F30E2A3BF74 = { isa = PBXFileReference; lastKnownFileType = audio.mp3; path = "PlayScript/Resources/Narration/voice-window-choice--listen-part-02.mp3"; sourceTree = SOURCE_ROOT; };
		ADCDC0E729C82BE6AD1AF1AA = { isa = PBXBuildFile; fileRef = 9145782926750F30E2A3BF74; };
		7BCFB961CD06583CB4F06029 = { isa = PBXFileReference; lastKnownFileType = audio.mp3; path = "PlayScript/Resources/Narration/voice-window-choice-part-00.mp3"; sourceTree = SOURCE_ROOT; };
		649DCDAAA2FB722F478B18FF = { isa = PBXBuildFile; fileRef = 7BCFB961CD06583CB4F06029; };
		9529F19A7D8DAC11D72ADDD2 = { isa = PBXFileReference; lastKnownFileType = audio.mp3; path = "PlayScript/Resources/Narration/voice-window-part-00.mp3"; sourceTree = SOURCE_ROOT; };
		87BD6ECDE8D7AE7D782BC639 = { isa = PBXBuildFile; fileRef = 9529F19A7D8DAC11D72ADDD2; };
		6AF1CC64F7FDE2F17AE93DF4 = { isa = PBXFileReference; lastKnownFileType = audio.mp3; path = "PlayScript/Resources/Score/fx-candle.mp3"; sourceTree = SOURCE_ROOT; };
		545EC26A09929AB5272294BE = { isa = PBXBuildFile; fileRef = 6AF1CC64F7FDE2F17AE93DF4; };
		92FE872D4667F39F37138026 = { isa = PBXFileReference; lastKnownFileType = audio.mp3; path = "PlayScript/Resources/Score/fx-choice.mp3"; sourceTree = SOURCE_ROOT; };
		B2BC2AD3171B0DD57DD017CB = { isa = PBXBuildFile; fileRef = 92FE872D4667F39F37138026; };
		2BD0095612458FC77215DEA6 = { isa = PBXFileReference; lastKnownFileType = audio.mp3; path = "PlayScript/Resources/Score/fx-letter.mp3"; sourceTree = SOURCE_ROOT; };
		A0FD23838F385930F5FC2BDB = { isa = PBXBuildFile; fileRef = 2BD0095612458FC77215DEA6; };
		FCB751D87D39269E3EE83CF9 = { isa = PBXFileReference; lastKnownFileType = audio.mp3; path = "PlayScript/Resources/Score/fx-orchard.mp3"; sourceTree = SOURCE_ROOT; };
		AADE0911C065950B3A01C23A = { isa = PBXBuildFile; fileRef = FCB751D87D39269E3EE83CF9; };
		3D50723E284076C6701EA7B5 = { isa = PBXFileReference; lastKnownFileType = audio.mp3; path = "PlayScript/Resources/Score/fx-road.mp3"; sourceTree = SOURCE_ROOT; };
		A766483DBE9E2B820B18BE3F = { isa = PBXBuildFile; fileRef = 3D50723E284076C6701EA7B5; };
		5B756880984638EE6446C38D = { isa = PBXFileReference; lastKnownFileType = audio.mp3; path = "PlayScript/Resources/Score/fx-tomb.mp3"; sourceTree = SOURCE_ROOT; };
		44A1F0C693EA90D066321600 = { isa = PBXBuildFile; fileRef = 5B756880984638EE6446C38D; };
		2F6BE9E45659188481852FBF = { isa = PBXFileReference; lastKnownFileType = audio.mp3; path = "PlayScript/Resources/Score/fx-turn.mp3"; sourceTree = SOURCE_ROOT; };
		2DE6987AFDCE37A341E8B270 = { isa = PBXBuildFile; fileRef = 2F6BE9E45659188481852FBF; };
		5900896AA5EC18A5526B24DA = { isa = PBXFileReference; lastKnownFileType = audio.mp3; path = "PlayScript/Resources/Score/score-dawn.mp3"; sourceTree = SOURCE_ROOT; };
		DA0B6C85F06E261E12D593B6 = { isa = PBXBuildFile; fileRef = 5900896AA5EC18A5526B24DA; };
		CA0DFBC95825D73DF23F9DDF = { isa = PBXFileReference; lastKnownFileType = audio.mp3; path = "PlayScript/Resources/Score/score-grief.mp3"; sourceTree = SOURCE_ROOT; };
		3A916F0A0C41DE583538722C = { isa = PBXBuildFile; fileRef = CA0DFBC95825D73DF23F9DDF; };
		CE54C8D6BE0846043472B0B2 = { isa = PBXFileReference; lastKnownFileType = audio.mp3; path = "PlayScript/Resources/Score/score-longing.mp3"; sourceTree = SOURCE_ROOT; };
		84E8AE2302F13C7FE1FF6294 = { isa = PBXBuildFile; fileRef = CE54C8D6BE0846043472B0B2; };
		F6A036DD300276CE84DE9EA4 = { isa = PBXFileReference; lastKnownFileType = audio.mp3; path = "PlayScript/Resources/Score/score-tender.mp3"; sourceTree = SOURCE_ROOT; };
		71CF5938B5206045D2025A84 = { isa = PBXBuildFile; fileRef = F6A036DD300276CE84DE9EA4; };
		183491B2B4EDD90F9BF187FE = { isa = PBXFileReference; lastKnownFileType = audio.mp3; path = "PlayScript/Resources/Score/score-uneasy.mp3"; sourceTree = SOURCE_ROOT; };
		7E0EA77802EF8B804F72DAE4 = { isa = PBXBuildFile; fileRef = 183491B2B4EDD90F9BF187FE; };
		1E75EA86F2ED7F9D272A9C51 = { isa = PBXFileReference; lastKnownFileType = text.json; path = "PlayScript/Resources/Lottie/accent-letter.json"; sourceTree = SOURCE_ROOT; };
		189025D4921D71D971B348C1 = { isa = PBXBuildFile; fileRef = 1E75EA86F2ED7F9D272A9C51; };
		D5A94E75A41605C00A814D53 = { isa = PBXFileReference; lastKnownFileType = text.json; path = "PlayScript/Resources/Lottie/accent-page-turn.json"; sourceTree = SOURCE_ROOT; };
		AF302FF050267528CB81F219 = { isa = PBXBuildFile; fileRef = D5A94E75A41605C00A814D53; };
		D66EB2995371B8E6D1547C4E = { isa = PBXFileReference; lastKnownFileType = text.json; path = "PlayScript/Resources/Lottie/accent-select-cool.json"; sourceTree = SOURCE_ROOT; };
		A128427EB00EC01C9FE171ED = { isa = PBXBuildFile; fileRef = D66EB2995371B8E6D1547C4E; };
		8CE97ED8CA17E47A44D191A3 = { isa = PBXFileReference; lastKnownFileType = text.json; path = "PlayScript/Resources/Lottie/accent-select-warm.json"; sourceTree = SOURCE_ROOT; };
		06F2A009B19C1395D01762B5 = { isa = PBXBuildFile; fileRef = 8CE97ED8CA17E47A44D191A3; };
		1FD9C295D5A75CAD54EF3A8D = { isa = PBXFileReference; lastKnownFileType = text.json; path = "PlayScript/Resources/Lottie/accent-thought.json"; sourceTree = SOURCE_ROOT; };
		B92BBDC00373FFE4A51FA898 = { isa = PBXBuildFile; fileRef = 1FD9C295D5A75CAD54EF3A8D; };
		CB7B0CF90D66D561575A605C = { isa = PBXFileReference; lastKnownFileType = text.json; path = "PlayScript/Resources/Lottie/scene-chamber.json"; sourceTree = SOURCE_ROOT; };
		CAFBD7145ADD5B3843DD07CD = { isa = PBXBuildFile; fileRef = CB7B0CF90D66D561575A605C; };
		B6D1F3EBFF26DBEB0E0F759A = { isa = PBXFileReference; lastKnownFileType = text.json; path = "PlayScript/Resources/Lottie/scene-orchard.json"; sourceTree = SOURCE_ROOT; };
		608BA2B7ED2BD210F41F395C = { isa = PBXBuildFile; fileRef = B6D1F3EBFF26DBEB0E0F759A; };
		66B3DF637FE99F993E8BB719 = { isa = PBXFileReference; lastKnownFileType = text.json; path = "PlayScript/Resources/Lottie/scene-road.json"; sourceTree = SOURCE_ROOT; };
		AED31D9378C366D5B95B4056 = { isa = PBXBuildFile; fileRef = 66B3DF637FE99F993E8BB719; };
		98710EE6FCD9F4D3CAD66515 = { isa = PBXFileReference; lastKnownFileType = text.json; path = "PlayScript/Resources/Lottie/scene-tomb.json"; sourceTree = SOURCE_ROOT; };
		D5466D08C81D82BDE580D0B7 = { isa = PBXBuildFile; fileRef = 98710EE6FCD9F4D3CAD66515; };
		4760C4C807E084BD2B60A4CD = { isa = PBXFileReference; lastKnownFileType = file; path = "PlayScript/Resources/Lottie/commit-check.lottie"; sourceTree = SOURCE_ROOT; };
		D97F382DF2B2D73A78845439 = { isa = PBXBuildFile; fileRef = 4760C4C807E084BD2B60A4CD; };
		9C0932421E0B6D37F3B27250 = { isa = PBXFileReference; lastKnownFileType = file; path = "PlayScript/Resources/Lottie/ending-infinity.lottie"; sourceTree = SOURCE_ROOT; };
		3CF7834F94C50C3B9632D2E1 = { isa = PBXBuildFile; fileRef = 9C0932421E0B6D37F3B27250; };
		E0572E85C4C911CABEE20A19 = { isa = PBXFileReference; lastKnownFileType = file; path = "PlayScript/Resources/Lottie/hero-heart.lottie"; sourceTree = SOURCE_ROOT; };
		1867D11A5FC447768EDB1D8C = { isa = PBXBuildFile; fileRef = E0572E85C4C911CABEE20A19; };
		F80794A89089E076ABA8C54F = { isa = PBXFileReference; lastKnownFileType = file; path = "PlayScript/Resources/Lottie/narration-quill.lottie"; sourceTree = SOURCE_ROOT; };
		4245CB816EEEA7623B5F9A9A = { isa = PBXBuildFile; fileRef = F80794A89089E076ABA8C54F; };
		2562EE2213651BEC90B93FC4 = { isa = PBXFileReference; lastKnownFileType = sourcecode.swift; path = "PlayScriptUITests/PlayScriptUITests.swift"; sourceTree = SOURCE_ROOT; };
		909280FF7091056AF1A1CC9D = { isa = PBXBuildFile; fileRef = 2562EE2213651BEC90B93FC4; };
		C2B6AF95E5FB6AF04547C8EA = { isa = PBXFileReference; explicitFileType = wrapper.application; path = PlayScript.app; sourceTree = BUILT_PRODUCTS_DIR; };
		77EB3AD38D803EC3C3DF9309 = { isa = PBXFileReference; explicitFileType = wrapper.cfbundle; path = PlayScriptUITests.xctest; sourceTree = BUILT_PRODUCTS_DIR; };
		FE0A091FDBFB3E9C31B7A1BD = { isa = PBXGroup; children = (C2B6AF95E5FB6AF04547C8EA, 77EB3AD38D803EC3C3DF9309,); name = Products; sourceTree = "<group>"; };
		A7D8CE70846932FEE851CAD6 = { isa = PBXGroup; children = (F829721F430E754710938C71, CCF4D86A61BEE64191A541E4, 2C5014D35F8F8F85DBC382A6, 1D10028ABE40A114F1FF73A7, F55795F591A0E5108C9929E5, 3C94EE9D3D4F7776354C8953, 97CBFCD76CF21B090F2E896C, 1A1A6A31B653A9371014D1F4, 9953C787A934D572A391F26A, 40B23BD0A671B20B60682972, 7FA91B01DCD702BBB39B3657, F672878755CE0AE3B9932084, D863A6C357A234AD022F2B4D, AE74AE7EA4DF35E7652808C8, 7BA0AB0A7E55D00B0D1B9A02, 012FCCEC16C173A1A35545FD, 7B62D553B58876FB68BC0C8A, C6E07C4F075EA37A6E4DEB66, C1CCB1E9CBA3DBE8502A9486, 0E0376F37B95BC2814493272, 98712C532DF623267AA387D0, 079A9338F1959701610FC38B, BB17855E03368CA4FCF9E121, 5326B5D4123C8E868B9D21DC, 59D6AF099D7B59E319234C0F, 33DC25CD729066F1041D52EF, C631E48DEAB99C3DC6A09E75, 95E53ADCEFB130A4A152756D, 13DA363191FDBE31BD0FB5D8, F09EBB1B9A4A5CD802B1072A, A11B18987F4375F970A293FC, 7C1B16B4A034204B8CC77E5C, 1F06E1FD95591C1EE1397F22, 077E5EF2A8F0B038136ABBD0, C351BA475E148027AC714177, 5AEE363B93995F999BFD6511, 394BEDD44A80AABA4C979910, 9AA749FF115CA95D2A302353, 2931E53E8D07585449D10064, A3505ABAB6577089FE4278DF, B09D445BF9332060C33F4F8C, 7C0FEE12E34307A0398BBB29, 8D204927BEF68B1A438C293D, 38BCBDCEF4878D1FDA4E4248, 5F34C49E0C273E1A86B65F13, 60924D44BFFA3F7972E5E96D, 97468E71807164E2B92A01CF, 7EF9721AF478F92945BFAA88, 8AA733E1D8012B592DD8B1CF, 1036C37F0F4C0A2C33F0738D, 1784AA738B0EA76BD885E27B, 76020CEDEB6A8949FEE3F1EC, 5BE7836D6A0E0B49320E1E70, 404F5479863FE93944341F3A, 980C7BC25E1AF914E93B2B13, 21D91E89CE1C9E01A96D6131, 300825E92AC4202475075E79, A1790957161664982E0A42F8, A538D038CB7CB77B77D3EDD9, 9B5713F34F5A4EB161B128A8, ADF25FD1F8CF54CCFFFBDF90, 60CDA624231A979B8154403D, 8BA0D27E95F0F9ED98CAA7B0, 355F4EC1BB9A950B44B26986, EE54736F3E7422571EC616C9, FD989AA76DB8EAA7058EDFDC, AFF78B7B1BC1658EA47DE16A, ABD10B88F4B0CF3C0E0B921C, 964762F73D715CD2E7E89461, 89FFB1BDF7F36CAA5646CD1A, F4D0B1AF77CDC0D5BAC7527A, E910F7C95A2CFF3C554F3480, B31A06505DFD095939070C08, FA1A628078123343592FCE1E, B747C8713A691E4FF26D3A55, B9BD5ECE9B97481CF463B228, DCC1720C5877155F58DEA78D, 789C29E0BE9F0E6BC0BF8DDC, 692F45A59E8A608B19B4B060, 6B2FFE1E16274E1DDF4C6CD7, C26AE9C3AD10F48E16F2DB66, 2FFB828FA80F9D092EDEDD6B, DFBDC6B0903E52AD6EF7C710, 490975ADC5014D94CEDB57C9, 3F4C91CCAA5FB831F2DE33A5, B0F381EAB3997BC68760F502, AA2172A10CCF72C31A75F536, 95ADECD49378841410E919FC, 27B0175979D29F8836CD8403, 76640F8A87EC591CE1F2DF53, 613AC2607103A1B1DEEB2630, 9145782926750F30E2A3BF74, 7BCFB961CD06583CB4F06029, 9529F19A7D8DAC11D72ADDD2, 6AF1CC64F7FDE2F17AE93DF4, 92FE872D4667F39F37138026, 2BD0095612458FC77215DEA6, FCB751D87D39269E3EE83CF9, 3D50723E284076C6701EA7B5, 5B756880984638EE6446C38D, 2F6BE9E45659188481852FBF, 5900896AA5EC18A5526B24DA, CA0DFBC95825D73DF23F9DDF, CE54C8D6BE0846043472B0B2, F6A036DD300276CE84DE9EA4, 183491B2B4EDD90F9BF187FE, 1E75EA86F2ED7F9D272A9C51, D5A94E75A41605C00A814D53, D66EB2995371B8E6D1547C4E, 8CE97ED8CA17E47A44D191A3, 1FD9C295D5A75CAD54EF3A8D, CB7B0CF90D66D561575A605C, B6D1F3EBFF26DBEB0E0F759A, 66B3DF637FE99F993E8BB719, 98710EE6FCD9F4D3CAD66515, 4760C4C807E084BD2B60A4CD, 9C0932421E0B6D37F3B27250, E0572E85C4C911CABEE20A19, F80794A89089E076ABA8C54F,); name = PlayScript; sourceTree = "<group>"; };
		92BB62760DD0921811D365ED = { isa = PBXGroup; children = (2562EE2213651BEC90B93FC4,); name = PlayScriptUITests; sourceTree = "<group>"; };
		2EB2D8158FC6EF9EB19CB439 = { isa = PBXGroup; children = (A7D8CE70846932FEE851CAD6, 92BB62760DD0921811D365ED, FE0A091FDBFB3E9C31B7A1BD,); sourceTree = "<group>"; };
		EEFA2ADC05792F5C1C1A6481 = { isa = XCLocalSwiftPackageReference; relativePath = StoryCore; };
		EA281641D145F2D9F91A3FA8 = { isa = XCSwiftPackageProductDependency; package = EEFA2ADC05792F5C1C1A6481; productName = StoryCore; };
		57725CDA03D140AC16E11B84 = { isa = PBXBuildFile; productRef = EA281641D145F2D9F91A3FA8; };
		CA017827E9C51F8FD2DBF1EF = { isa = XCRemoteSwiftPackageReference; repositoryURL = "https://github.com/airbnb/lottie-ios"; requirement = { kind = upToNextMajorVersion; minimumVersion = 4.5.0; }; };
		2DC8269A93EE839364AC1CBB = { isa = XCSwiftPackageProductDependency; package = CA017827E9C51F8FD2DBF1EF; productName = Lottie; };
		0DECEFBF62D6750C30192181 = { isa = PBXBuildFile; productRef = 2DC8269A93EE839364AC1CBB; };
		6805EC6AFDAFDBE18E2FF355 = { isa = PBXSourcesBuildPhase; buildActionMask = 2147483647; files = (A4CEC3E27CF2E2184D91AF6A, 5E67D94144A5562035B00DD4, 45A4BB673ECE4E20E9C2564A, 3A0B9E213F6BD999A6161FA8, 45808286D2DD2FF4B7493EF9, D3ECBE6706AFD5E6F8ECAF11, 8DD99468162A621E34399DDA, 5F31CD51A5A5971C01C4FEA3, D50E298F49673F8F7BB72AB4, F302616DF03A9C9CCB23AFED, F27F394ECECFEDFB0F6D2AD5, E2C93032D40A44568423160F, F1F6344626A77ECC94F85CC1, 30054AF8610C0CB4C47A1BA4, B98ADC7663AC383E79507E68, D947054FEA6A35A59F6D21BA, 40AF56D74AB0CE9510AC2249,); runOnlyForDeploymentPostprocessing = 0; };
		0F91A57B11B30F1A7980649D = { isa = PBXFrameworksBuildPhase; buildActionMask = 2147483647; files = (57725CDA03D140AC16E11B84, 0DECEFBF62D6750C30192181,); runOnlyForDeploymentPostprocessing = 0; };
		2AC7AB26953A78AD46B49603 = { isa = PBXResourcesBuildPhase; buildActionMask = 2147483647; files = (1BA346AE0839DEB3018F85E3, BB67327C2D9573C948C0ECEE, 901E56DE37C6B61C4C0C035C, 5EBB5DA84F8FE0A96CC7D6EA, 5ED36D0E0C2FC25832A345E8, 20F0E97A66869BEF1847A256, D287E2EB257AEF93CB6AA33D, D8020D6AF7F3D909E127F292, 96690225508432042E393391, 42D26A9FC81BA639FA252916, 605BA9E3B4E2B6135CF46D43, 3DB120FA1C3443F6F620885B, A09C58587825157F9DB8D9BB, 0631D9F45F5EB8F1139BF25C, A093375FA6BA23E52236E3C5, 6750CC20E212BFEB75E81532, D45712A54B531566AE935A1B, 1AFDC8B8A934DD05BB8AA15E, 6ACAF3B8FFAA04379E50C5BB, 94C8F1B8A110779C85BC046B, 168EDDD3F6D6010721D9F9BA, 2415A3AA0F108CD99B8AA79B, FE1F710D6ADCE645223FCEA7, CB8E4E52C886614E53E162C9, 284C41A0814C8CE9711C1532, F25844921E45BAFF5875226F, F95D1E92A2BDFF11385DA2E1, 9965FBECEB4E315CDAAB1420, F574FB9A5B5613F71619D572, 4958AE85AB7A3F9118131683, 97D20A6A78D778A11963D5F9, 82E56BF02F23944575E2C92A, 1932BCD41439A4C9DE080671, ACBB6FD83BB89B29D96E5A67, 3CE0FED3B4DC730C123E34A7, B94B9B7266C4A2E52CFBC4BD, 01CED31E9A055C0EF9AF255E, 6ADE42C92765F4610D4A1CA3, BE4E64278F68FB2D0F5BFF01, 99A323349F1EE6D3F4B94900, 5CDB550269694002EF41A396, F67C4AE30C085EA5C86A5241, 2634809D92A053A2AF879BCB, C3751F321BF8F751F10F813B, A6750ABFA215C8E0DC96159D, 184737A08D44827706D4C3D6, D2F27C2B0DB18CF8C2480039, E12535B9601F556B77832A6A, 3F5E3EB25F4AC0492E7D0C60, B73245AFE21A6D62082F458D, A2BDF112C95D219C0FC8FD84, E63312CCE779E163E4C973F2, 6277A01FA4203F2FB03A38B8, 008005228BB7D20F1CBD442F, 22FD6F818D00D27931BFFA28, EBF9E4EBD69C19F7A8F19587, 7541F9C5624A96EB146E12DE, AA59167F9550DA66C7397E0B, ACBDD5005422F14DD0A87D2D, 67A71F39EE54749E0D9B1732, 53B696A81CDB90B7928C64FB, 102A5737C8F49FC205900386, 75FE8B7899140E02A7AE00CE, F286F79A542B6957FB74E127, 9F062DE7892D2DF6815DAAB5, 055E52555C2EFF113FCEDF35, B399520DF52040B83F5A0B38, C376BDD0D47536CC02EEBC97, AE031AD251BD8CAF8F8C053D, 4BDBA83B156B05FA0950A8D3, 58AA1A49CF2AD135E24CB216, FBD18E52F5FEF515610B72ED, FAADE1462F0CE9535269FCE4, 91C3AF8847316DACC845389D, ADCDC0E729C82BE6AD1AF1AA, 649DCDAAA2FB722F478B18FF, 87BD6ECDE8D7AE7D782BC639, 545EC26A09929AB5272294BE, B2BC2AD3171B0DD57DD017CB, A0FD23838F385930F5FC2BDB, AADE0911C065950B3A01C23A, A766483DBE9E2B820B18BE3F, 44A1F0C693EA90D066321600, 2DE6987AFDCE37A341E8B270, DA0B6C85F06E261E12D593B6, 3A916F0A0C41DE583538722C, 84E8AE2302F13C7FE1FF6294, 71CF5938B5206045D2025A84, 7E0EA77802EF8B804F72DAE4, 189025D4921D71D971B348C1, AF302FF050267528CB81F219, A128427EB00EC01C9FE171ED, 06F2A009B19C1395D01762B5, B92BBDC00373FFE4A51FA898, CAFBD7145ADD5B3843DD07CD, 608BA2B7ED2BD210F41F395C, AED31D9378C366D5B95B4056, D5466D08C81D82BDE580D0B7, D97F382DF2B2D73A78845439, 3CF7834F94C50C3B9632D2E1, 1867D11A5FC447768EDB1D8C, 4245CB816EEEA7623B5F9A9A,); runOnlyForDeploymentPostprocessing = 0; };
		87AA925F24AC656A8AAB80A9 = { isa = PBXSourcesBuildPhase; buildActionMask = 2147483647; files = (909280FF7091056AF1A1CC9D,); runOnlyForDeploymentPostprocessing = 0; };
		D6C04E321AC1AC815067AD02 = { isa = PBXFrameworksBuildPhase; buildActionMask = 2147483647; files = (); runOnlyForDeploymentPostprocessing = 0; };
		2FD82F28117CA43F2CCC2350 = { isa = PBXResourcesBuildPhase; buildActionMask = 2147483647; files = (); runOnlyForDeploymentPostprocessing = 0; };
		3A77CD648711364E9A877D62 = { isa = XCBuildConfiguration; buildSettings = {IPHONEOS_DEPLOYMENT_TARGET = "18.0"; SWIFT_VERSION = "5.0"; CLANG_ENABLE_MODULES = "YES"; SDKROOT = "iphoneos"; SUPPORTED_PLATFORMS = "iphoneos iphonesimulator"; CODE_SIGN_STYLE = "Automatic"; TARGETED_DEVICE_FAMILY = "1"; GENERATE_INFOPLIST_FILE = "YES"; MARKETING_VERSION = "1.0"; CURRENT_PROJECT_VERSION = "1"; LD_RUNPATH_SEARCH_PATHS = "$(inherited) @executable_path/Frameworks"; PRODUCT_BUNDLE_IDENTIFIER = "com.sh1vendra.PlayScript"; PRODUCT_NAME = "$(TARGET_NAME)"; INFOPLIST_KEY_CFBundleDisplayName = "PlayScript"; INFOPLIST_KEY_LSApplicationCategoryType = "public.app-category.books"; INFOPLIST_KEY_UILaunchScreen_Generation = "YES"; INFOPLIST_KEY_UISupportedInterfaceOrientations = "UIInterfaceOrientationPortrait"; INFOPLIST_KEY_UIApplicationSceneManifest_Generation = "YES"; INFOPLIST_KEY_UIStatusBarStyle = "UIStatusBarStyleDefault"; ASSETCATALOG_COMPILER_GLOBAL_ACCENT_COLOR_NAME = "AccentColor"; ASSETCATALOG_COMPILER_APPICON_NAME = "AppIcon"; SUPPORTS_MACCATALYST = "NO"; SUPPORTS_XR_DESIGNED_FOR_IPHONE_IPAD = "NO"; SWIFT_OPTIMIZATION_LEVEL = "-Onone"; DEBUG_INFORMATION_FORMAT = "dwarf"; ONLY_ACTIVE_ARCH = "YES"; SWIFT_ACTIVE_COMPILATION_CONDITIONS = "DEBUG $(inherited)"; ENABLE_TESTABILITY = "YES";}; name = Debug; };
		066776A1C212750E8BE506A2 = { isa = XCBuildConfiguration; buildSettings = {IPHONEOS_DEPLOYMENT_TARGET = "18.0"; SWIFT_VERSION = "5.0"; CLANG_ENABLE_MODULES = "YES"; SDKROOT = "iphoneos"; SUPPORTED_PLATFORMS = "iphoneos iphonesimulator"; CODE_SIGN_STYLE = "Automatic"; TARGETED_DEVICE_FAMILY = "1"; GENERATE_INFOPLIST_FILE = "YES"; MARKETING_VERSION = "1.0"; CURRENT_PROJECT_VERSION = "1"; LD_RUNPATH_SEARCH_PATHS = "$(inherited) @executable_path/Frameworks"; PRODUCT_BUNDLE_IDENTIFIER = "com.sh1vendra.PlayScript"; PRODUCT_NAME = "$(TARGET_NAME)"; INFOPLIST_KEY_CFBundleDisplayName = "PlayScript"; INFOPLIST_KEY_LSApplicationCategoryType = "public.app-category.books"; INFOPLIST_KEY_UILaunchScreen_Generation = "YES"; INFOPLIST_KEY_UISupportedInterfaceOrientations = "UIInterfaceOrientationPortrait"; INFOPLIST_KEY_UIApplicationSceneManifest_Generation = "YES"; INFOPLIST_KEY_UIStatusBarStyle = "UIStatusBarStyleDefault"; ASSETCATALOG_COMPILER_GLOBAL_ACCENT_COLOR_NAME = "AccentColor"; ASSETCATALOG_COMPILER_APPICON_NAME = "AppIcon"; SUPPORTS_MACCATALYST = "NO"; SUPPORTS_XR_DESIGNED_FOR_IPHONE_IPAD = "NO"; SWIFT_OPTIMIZATION_LEVEL = "-O"; DEBUG_INFORMATION_FORMAT = "dwarf-with-dsym"; ONLY_ACTIVE_ARCH = "NO";}; name = Release; };
		B5E4F9F7C53A9A6AF99DBCE3 = { isa = XCConfigurationList; buildConfigurations = (3A77CD648711364E9A877D62, 066776A1C212750E8BE506A2,); defaultConfigurationIsVisible = 0; defaultConfigurationName = Release; };
		34BE6D4215B8B1C254345416 = { isa = XCBuildConfiguration; buildSettings = {IPHONEOS_DEPLOYMENT_TARGET = "18.0"; SWIFT_VERSION = "5.0"; CLANG_ENABLE_MODULES = "YES"; SDKROOT = "iphoneos"; SUPPORTED_PLATFORMS = "iphoneos iphonesimulator"; CODE_SIGN_STYLE = "Automatic"; TARGETED_DEVICE_FAMILY = "1"; GENERATE_INFOPLIST_FILE = "YES"; MARKETING_VERSION = "1.0"; CURRENT_PROJECT_VERSION = "1"; LD_RUNPATH_SEARCH_PATHS = "$(inherited) @executable_path/Frameworks"; PRODUCT_BUNDLE_IDENTIFIER = "com.sh1vendra.PlayScriptUITests"; PRODUCT_NAME = "$(TARGET_NAME)"; TEST_TARGET_NAME = "PlayScript"; SWIFT_OPTIMIZATION_LEVEL = "-Onone"; DEBUG_INFORMATION_FORMAT = "dwarf"; ONLY_ACTIVE_ARCH = "YES"; SWIFT_ACTIVE_COMPILATION_CONDITIONS = "DEBUG $(inherited)"; ENABLE_TESTABILITY = "YES";}; name = Debug; };
		FADCA9E4220DCCB4910052B3 = { isa = XCBuildConfiguration; buildSettings = {IPHONEOS_DEPLOYMENT_TARGET = "18.0"; SWIFT_VERSION = "5.0"; CLANG_ENABLE_MODULES = "YES"; SDKROOT = "iphoneos"; SUPPORTED_PLATFORMS = "iphoneos iphonesimulator"; CODE_SIGN_STYLE = "Automatic"; TARGETED_DEVICE_FAMILY = "1"; GENERATE_INFOPLIST_FILE = "YES"; MARKETING_VERSION = "1.0"; CURRENT_PROJECT_VERSION = "1"; LD_RUNPATH_SEARCH_PATHS = "$(inherited) @executable_path/Frameworks"; PRODUCT_BUNDLE_IDENTIFIER = "com.sh1vendra.PlayScriptUITests"; PRODUCT_NAME = "$(TARGET_NAME)"; TEST_TARGET_NAME = "PlayScript"; SWIFT_OPTIMIZATION_LEVEL = "-O"; DEBUG_INFORMATION_FORMAT = "dwarf-with-dsym"; ONLY_ACTIVE_ARCH = "NO";}; name = Release; };
		FF22B4F29851F2D7C0C485AF = { isa = XCConfigurationList; buildConfigurations = (34BE6D4215B8B1C254345416, FADCA9E4220DCCB4910052B3,); defaultConfigurationIsVisible = 0; defaultConfigurationName = Release; };
		BFD315016DE16320F7E2120C = { isa = XCBuildConfiguration; buildSettings = {CLANG_ENABLE_MODULES = "YES"; SWIFT_VERSION = "5.0"; IPHONEOS_DEPLOYMENT_TARGET = "18.0"; SWIFT_OPTIMIZATION_LEVEL = "-Onone"; DEBUG_INFORMATION_FORMAT = "dwarf"; ONLY_ACTIVE_ARCH = "YES"; SWIFT_ACTIVE_COMPILATION_CONDITIONS = "DEBUG $(inherited)"; ENABLE_TESTABILITY = "YES";}; name = Debug; };
		1D8C0C6B1D22EA8C7669B263 = { isa = XCBuildConfiguration; buildSettings = {CLANG_ENABLE_MODULES = "YES"; SWIFT_VERSION = "5.0"; IPHONEOS_DEPLOYMENT_TARGET = "18.0"; SWIFT_OPTIMIZATION_LEVEL = "-O"; DEBUG_INFORMATION_FORMAT = "dwarf-with-dsym"; ONLY_ACTIVE_ARCH = "NO";}; name = Release; };
		5D7731714D3E69D68AA8D7ED = { isa = XCConfigurationList; buildConfigurations = (BFD315016DE16320F7E2120C, 1D8C0C6B1D22EA8C7669B263,); defaultConfigurationIsVisible = 0; defaultConfigurationName = Release; };
		0352A6A2FCE048894C87B37E = { isa = PBXNativeTarget; buildConfigurationList = B5E4F9F7C53A9A6AF99DBCE3; buildPhases = (6805EC6AFDAFDBE18E2FF355, 0F91A57B11B30F1A7980649D, 2AC7AB26953A78AD46B49603,); buildRules = (); dependencies = (); name = PlayScript; packageProductDependencies = (EA281641D145F2D9F91A3FA8, 2DC8269A93EE839364AC1CBB,); productName = PlayScript; productReference = C2B6AF95E5FB6AF04547C8EA; productType = "com.apple.product-type.application"; };
		EF0794AFBCEA11C45624C999 = { isa = PBXContainerItemProxy; containerPortal = F6F4DA8D93E88A08220E03B7; proxyType = 1; remoteGlobalIDString = 0352A6A2FCE048894C87B37E; remoteInfo = PlayScript; };
		6B80F10AB86E724D72721556 = { isa = PBXTargetDependency; target = 0352A6A2FCE048894C87B37E; targetProxy = EF0794AFBCEA11C45624C999; };
		C24B2138018A654E3D8BE775 = { isa = PBXNativeTarget; buildConfigurationList = FF22B4F29851F2D7C0C485AF; buildPhases = (87AA925F24AC656A8AAB80A9, D6C04E321AC1AC815067AD02, 2FD82F28117CA43F2CCC2350,); buildRules = (); dependencies = (6B80F10AB86E724D72721556,); name = PlayScriptUITests; productName = PlayScriptUITests; productReference = 77EB3AD38D803EC3C3DF9309; productType = "com.apple.product-type.bundle.ui-testing"; };
		F6F4DA8D93E88A08220E03B7 = { isa = PBXProject; attributes = { BuildIndependentTargetsInParallel = YES; LastUpgradeCheck = 1600; TargetAttributes = { 0352A6A2FCE048894C87B37E = {CreatedOnToolsVersion = 16.0;}; C24B2138018A654E3D8BE775 = {CreatedOnToolsVersion = 16.0; TestTargetID = 0352A6A2FCE048894C87B37E;}; }; }; buildConfigurationList = 5D7731714D3E69D68AA8D7ED; compatibilityVersion = "Xcode 14.0"; developmentRegion = en; hasScannedForEncodings = 0; knownRegions = (en, Base); mainGroup = 2EB2D8158FC6EF9EB19CB439; productRefGroup = FE0A091FDBFB3E9C31B7A1BD; projectDirPath = ""; projectRoot = ""; packageReferences = (EEFA2ADC05792F5C1C1A6481, CA017827E9C51F8FD2DBF1EF,); targets = (0352A6A2FCE048894C87B37E, C24B2138018A654E3D8BE775,); };
	};
	rootObject = F6F4DA8D93E88A08220E03B7;
}
